// !$*UTF8*$!
{
	archiveVersion = 1;
	classes = {
	};
	objectVersion = 48;
	objects = {

/* Begin PBXBuildFile section */
		3DE71B941F0EF31C00F297EC /* AppDelegate.swift in Sources */ = {isa = PBXBuildFile; fileRef = 3DE71B931F0EF31C00F297EC /* AppDelegate.swift */; };
		3DE71B961F0EF31C00F297EC /* ViewController.swift in Sources */ = {isa = PBXBuildFile; fileRef = 3DE71B951F0EF31C00F297EC /* ViewController.swift */; };
		3DE71B991F0EF31C00F297EC /* Main.storyboard in Resources */ = {isa = PBXBuildFile; fileRef = 3DE71B971F0EF31C00F297EC /* Main.storyboard */; };
		3DE71B9B1F0EF31C00F297EC /* Assets.xcassets in Resources */ = {isa = PBXBuildFile; fileRef = 3DE71B9A1F0EF31C00F297EC /* Assets.xcassets */; };
		3DE71B9E1F0EF31C00F297EC /* LaunchScreen.storyboard in Resources */ = {isa = PBXBuildFile; fileRef = 3DE71B9C1F0EF31C00F297EC /* LaunchScreen.storyboard */; };
		3DE71BA61F0EF4F900F297EC /* GreenVC.swift in Sources */ = {isa = PBXBuildFile; fileRef = 3DE71BA51F0EF4F900F297EC /* GreenVC.swift */; };
/* End PBXBuildFile section */

/* Begin PBXFileReference section */
		3DE71B901F0EF31C00F297EC /* Segue.app */ = {isa = PBXFileReference; explicitFileType = wrapper.application; includeInIndex = 0; path = Segue.app; sourceTree = BUILT_PRODUCTS_DIR; };
		3DE71B931F0EF31C00F297EC /* AppDelegate.swift */ = {isa = PBXFileReference; lastKnownFileType = sourcecode.swift; path = AppDelegate.swift; sourceTree = "<group>"; };
		3DE71B951F0EF31C00F297EC /* ViewController.swift */ = {isa = PBXFileReference; lastKnownFileType = sourcecode.swift; path = ViewController.swift; sourceTree = "<group>"; };
		3DE71B981F0EF31C00F297EC /* Base */ = {isa = PBXFileReference; lastKnownFileType = file.storyboard; name = Base; path = Base.lproj/Main.storyboard; sourceTree = "<group>"; };
		3DE71B9A1F0EF31C00F297EC /* Assets.xcassets */ = {isa = PBXFileReference; lastKnownFileType = folder.assetcatalog; path = Assets.xcassets; sourceTree = "<group>"; };
		3DE71B9D1F0EF31C00F297EC /* Base */ = {isa = PBXFileReference; lastKnownFileType = file.storyboard; name = Base; path = Base.lproj/LaunchScreen.storyboard; sourceTree = "<group>"; };
		3DE71B9F1F0EF31C00F297EC /* Info.plist */ = {isa = PBXFileReference; lastKnownFileType = text.plist.xml; path = Info.plist; sourceTree = "<group>"; };
		3DE71BA51F0EF4F900F297EC /* GreenVC.swift */ = {isa = PBXFileReference; lastKnownFileType = sourcecode.swift; path = GreenVC.swift; sourceTree = "<group>"; };
/* End PBXFileReference section */

/* Begin PBXFrameworksBuildPhase section */
		3DE71B8D1F0EF31C00F297EC /* Frameworks */ = {
			isa = PBXFrameworksBuildPhase;
			buildActionMask = 2147483647;
			files = (
			);
			runOnlyForDeploymentPostprocessing = 0;
		};
/* End PBXFrameworksBuildPhase section */

/* Begin PBXGroup section */
		3DE71B871F0EF31C00F297EC = {
			isa = PBXGroup;
			children = (
				3DE71B921F0EF31C00F297EC /* Segue */,
				3DE71B911F0EF31C00F297EC /* Products */,
			);
			sourceTree = "<group>";
		};
		3DE71B911F0EF31C00F297EC /* Products */ = {
			isa = PBXGroup;
			children = (
				3DE71B901F0EF31C00F297EC /* Segue.app */,
			);
			name = Products;
			sourceTree = "<group>";
		};
		3DE71B921F0EF31C00F297EC /* Segue */ = {
			isa = PBXGroup;
			children = (
				3DE71B931F0EF31C00F297EC /* AppDelegate.swift */,
				3DE71B951F0EF31C00F297EC /* ViewController.swift */,
				3DE71BA51F0EF4F900F297EC /* GreenVC.swift */,
				3DE71B971F0EF31C00F297EC /* Main.storyboard */,
				3DE71B9A1F0EF31C00F297EC /* Assets.xcassets */,
				3DE71B9C1F0EF31C00F297EC /* LaunchScreen.storyboard */,
				3DE71B9F1F0EF31C00F297EC /* Info.plist */,
			);
			path = Segue;
			sourceTree = "<group>";
		};
/* End PBXGroup section */

/* Begin PBXNativeTarget section */
		3DE71B8F1F0EF31C00F297EC /* Segue */ = {
			isa = PBXNativeTarget;
			buildConfigurationList = 3DE71BA21F0EF31C00F297EC /* Build configuration list for PBXNativeTarget "Segue" */;
			buildPhases = (
				3DE71B8C1F0EF31C00F297EC /* Sources */,
				3DE71B8D1F0EF31C00F297EC /* Frameworks */,
				3DE71B8E1F0EF31C00F297EC /* Resources */,
			);
			buildRules = (
			);
			dependencies = (
			);
			name = Segue;
			productName = Segue;
			productReference = 3DE71B901F0EF31C00F297EC /* Segue.app */;
			productType = "com.apple.product-type.application";
		};
/* End PBXNativeTarget section */

/* Begin PBXProject section */
		3DE71B881F0EF31C00F297EC /* Project object */ = {
			isa = PBXProject;
			attributes = {
				LastSwiftUpdateCheck = 0900;
				LastUpgradeCheck = 0900;
				ORGANIZATIONNAME = studio;
				TargetAttributes = {
					3DE71B8F1F0EF31C00F297EC = {
						CreatedOnToolsVersion = 9.0;
					};
				};
			};
			buildConfigurationList = 3DE71B8B1F0EF31C00F297EC /* Build configuration list for PBXProject "Segue" */;
			compatibilityVersion = "Xcode 8.0";
			developmentRegion = en;
			hasScannedForEncodings = 0;
			knownRegions = (
				en,
				Base,
			);
			mainGroup = 3DE71B871F0EF31C00F297EC;
			productRefGroup = 3DE71B911F0EF31C00F297EC /* Products */;
			projectDirPath = "";
			projectRoot = "";
			targets = (
				3DE71B8F1F0EF31C00F297EC /* Segue */,
			);
		};
/* End PBXProject section */

/* Begin PBXResourcesBuildPhase section */
		3DE71B8E1F0EF31C00F297EC /* Resources */ = {
			isa = PBXResourcesBuildPhase;
			buildActionMask = 2147483647;
			files = (
				3DE71B9E1F0EF31C00F297EC /* LaunchScreen.storyboard in Resources */,
				3DE71B9B1F0EF31C00F297EC /* Assets.xcassets in Resources */,
				3DE71B991F0EF31C00F297EC /* Main.storyboard in Resources */,
			);
			runOnlyForDeploymentPostprocessing = 0;
		};
/* End PBXResourcesBuildPhase section */

/* Begin PBXSourcesBuildPhase section */
		3DE71B8C1F0EF31C00F297EC /* Sources */ = {
			isa = PBXSourcesBuildPhase;
			buildActionMask = 2147483647;
			files = (
				3DE71BA61F0EF4F900F297EC /* GreenVC.swift in Sources */,
				3DE71B961F0EF31C00F297EC /* ViewController.swift in Sources */,
				3DE71B941F0EF31C00F297EC /* AppDelegate.swift in Sources */,
			);
			runOnlyForDeploymentPostprocessing = 0;
		};
/* End PBXSourcesBuildPhase section */

/* Begin PBXVariantGroup section */
		3DE71B971F0EF31C00F297EC /* Main.storyboard */ = {
			isa = PBXVariantGroup;
			children = (
				3DE71B981F0EF31C00F297EC /* Base */,
			);
			name = Main.storyboard;
			sourceTree = "<group>";
		};
		3DE71B9C1F0EF31C00F297EC /* LaunchScreen.storyboard */ = {
			isa = PBXVariantGroup;
			children = (
				3DE71B9D1F0EF31C00F297EC /* Base */,
			);
			name = LaunchScreen.storyboard;
			sourceTree = "<group>";
		};
/* End PBXVariantGroup section */

/* Begin XCBuildConfiguration section */
		3DE71BA01F0EF31C00F297EC /* Debug */ = {
			isa = XCBuildConfiguration;
			buildSettings = {
				ALWAYS_SEARCH_USER_PATHS = NO;
				CLANG_ANALYZER_NONNULL = YES;
				CLANG_ANALYZER_NUMBER_OBJECT_CONVERSION = YES_AGGRESSIVE;
				CLANG_CXX_LANGUAGE_STANDARD = "gnu++14";
				CLANG_CXX_LIBRARY = "libc++";
				CLANG_ENABLE_MODULES = YES;
				CLANG_ENABLE_OBJC_ARC = YES;
				CLANG_WARN_BLOCK_CAPTURE_AUTORELEASING = YES;
				CLANG_WARN_BOOL_CONVERSION = YES;
				CLANG_WARN_COMMA = YES;
				CLANG_WARN_CONSTANT_CONVERSION = YES;
				CLANG_WARN_DIRECT_OBJC_ISA_USAGE = YES_ERROR;
				CLANG_WARN_DOCUMENTATION_COMMENTS = YES;
				CLANG_WARN_EMPTY_BODY = YES;
				CLANG_WARN_ENUM_CONVERSION = YES;
				CLANG_WARN_INFINITE_RECURSION = YES;
				CLANG_WARN_INT_CONVERSION = YES;
				CLANG_WARN_OBJC_ROOT_CLASS = YES_ERROR;
				CLANG_WARN_RANGE_LOOP_ANALYSIS = YES;
				CLANG_WARN_STRICT_PROTOTYPES = YES;
				CLANG_WARN_SUSPICIOUS_MOVE = YES;
				CLANG_WARN_UNGUARDED_AVAILABILITY = YES_AGGRESSIVE;
				CLANG_WARN_UNREACHABLE_CODE = YES;
				CLANG_WARN__DUPLICATE_METHOD_MATCH = YES;
				CODE_SIGN_IDENTITY = "iPhone Developer";
				COPY_PHASE_STRIP = NO;
				DEBUG_INFORMATION_FORMAT = dwarf;
				ENABLE_STRICT_OBJC_MSGSEND = YES;
				ENABLE_TESTABILITY = YES;
				GCC_C_LANGUAGE_STANDARD = gnu11;
				GCC_DYNAMIC_NO_PIC = NO;
				GCC_NO_COMMON_BLOCKS = YES;
				GCC_OPTIMIZATION_LEVEL = 0;
				GCC_PREPROCESSOR_DEFINITIONS = (
					"DEBUG=1",
					"$(inherited)",
				);
				GCC_WARN_64_TO_32_BIT_CONVERSION = YES;
				GCC_WARN_ABOUT_RETURN_TYPE = YES_ERROR;
				GCC_WARN_UNDECLARED_SELECTOR = YES;
				GCC_WARN_UNINITIALIZED_AUTOS = YES_AGGRESSIVE;
				GCC_WARN_UNUSED_FUNCTION = YES;
				GCC_WARN_UNUSED_VARIABLE = YES;
				IPHONEOS_DEPLOYMENT_TARGET = 11.0;
				MTL_ENABLE_DEBUG_INFO = YES;
				ONLY_ACTIVE_ARCH = YES;
				SDKROOT = iphoneos;
				SWIFT_ACTIVE_COMPILATION_CONDITIONS = DEBUG;
				SWIFT_OPTIMIZATION_LEVEL = "-Onone";
			};
			name = Debug;
		};
		3DE71BA11F0EF31C00F297EC /* Release */ = {
			isa = XCBuildConfiguration;
			buildSettings = {
				ALWAYS_SEARCH_USER_PATHS = NO;
				CLANG_ANALYZER_NONNULL = YES;
				CLANG_ANALYZER_NUMBER_OBJECT_CONVERSION = YES_AGGRESSIVE;
				CLANG_CXX_LANGUAGE_STANDARD = "gnu++14";
				CLANG_CXX_LIBRARY = "libc++";
				CLANG_ENABLE_MODULES = YES;
				CLANG_ENABLE_OBJC_ARC = YES;
				CLANG_WARN_BLOCK_CAPTURE_AUTORELEASING = YES;
				CLANG_WARN_BOOL_CONVERSION = YES;
				CLANG_WARN_COMMA = YES;
				CLANG_WARN_CONSTANT_CONVERSION = YES;
				CLANG_WARN_DIRECT_OBJC_ISA_USAGE = YES_ERROR;
				CLANG_WARN_DOCUMENTATION_COMMENTS = YES;
				CLANG_WARN_EMPTY_BODY = YES;
				CLANG_WARN_ENUM_CONVERSION = YES;
				CLANG_WARN_INFINITE_RECURSION = YES;
				CLANG_WARN_INT_CONVERSION = YES;
				CLANG_WARN_OBJC_ROOT_CLASS = YES_ERROR;
				CLANG_WARN_RANGE_LOOP_ANALYSIS = YES;
				CLANG_WARN_STRICT_PROTOTYPES = YES;
				CLANG_WARN_SUSPICIOUS_MOVE = YES;
				CLANG_WARN_UNGUARDED_AVAILABILITY = YES_AGGRESSIVE;
				CLANG_WARN_UNREACHABLE_CODE = YES;
				CLANG_WARN__DUPLICATE_METHOD_MATCH = YES;
				CODE_SIGN_IDENTITY = "iPhone Developer";
				COPY_PHASE_STRIP = NO;
				DEBUG_INFORMATION_FORMAT = "dwarf-with-dsym";
				ENABLE_NS_ASSERTIONS = NO;
				ENABLE_STRICT_OBJC_MSGSEND = YES;
				GCC_C_LANGUAGE_STANDARD = gnu11;
				GCC_NO_COMMON_BLOCKS = YES;
				GCC_WARN_64_TO_32_BIT_CONVERSION = YES;
				GCC_WARN_ABOUT_RETURN_TYPE = YES_ERROR;
				GCC_WARN_UNDECLARED_SELECTOR = YES;
				GCC_WARN_UNINITIALIZED_AUTOS = YES_AGGRESSIVE;
				GCC_WARN_UNUSED_FUNCTION = YES;
				GCC_WARN_UNUSED_VARIABLE = YES;
				IPHONEOS_DEPLOYMENT_TARGET = 11.0;
				MTL_ENABLE_DEBUG_INFO = NO;
				SDKROOT = iphoneos;
				SWIFT_OPTIMIZATION_LEVEL = "-Owholemodule";
				VALIDATE_PRODUCT = YES;
			};
			name = Release;
		};
		3DE71BA31F0EF31C00F297EC /* Debug */ = {
			isa = XCBuildConfiguration;
			buildSettings = {
				ASSETCATALOG_COMPILER_APPICON_NAME = AppIcon;
				INFOPLIST_FILE = Segue/Info.plist;
				LD_RUNPATH_SEARCH_PATHS = "$(inherited) @executable_path/Frameworks";
				PRODUCT_BUNDLE_IDENTIFIER = com.igneus.Segue;
				PRODUCT_NAME = "$(TARGET_NAME)";
				SWIFT_VERSION = 4.0;
				TARGETED_DEVICE_FAMILY = "1,2";
			};
			name = Debug;
		};
		3DE71BA41F0EF31C00F297EC /* Release */ = {
			isa = XCBuildConfiguration;
			buildSettings = {
				ASSETCATALOG_COMPILER_APPICON_NAME = AppIcon;
				INFOPLIST_FILE = Segue/Info.plist;
				LD_RUNPATH_SEARCH_PATHS = "$(inherited) @executable_path/Frameworks";
				PRODUCT_BUNDLE_IDENTIFIER = com.igneus.Segue;
				PRODUCT_NAME = "$(TARGET_NAME)";
				SWIFT_VERSION = 4.0;
				TARGETED_DEVICE_FAMILY = "1,2";
			};
			name = Release;
		};
/* End XCBuildConfiguration section */

/* Begin XCConfigurationList section */
		3DE71B8B1F0EF31C00F297EC /* Build configuration list for PBXProject "Segue" */ = {
			isa = XCConfigurationList;
			buildConfigurations = (
				3DE71BA01F0EF31C00F297EC /* Debug */,
				3DE71BA11F0EF31C00F297EC /* Release */,
			);
			defaultConfigurationIsVisible = 0;
			defaultConfigurationName = Release;
		};
		3DE71BA21F0EF31C00F297EC /* Build configuration list for PBXNativeTarget "Segue" */ = {
			isa = XCConfigurationList;
			buildConfigurations = (
				3DE71BA31F0EF31C00F297EC /* Debug */,
				3DE71BA41F0EF31C00F297EC /* Release */,
			);
			defaultConfigurationIsVisible = 0;
			defaultConfigurationName = Release;
		};
/* End XCConfigurationList section */
	};
	rootObject = 3DE71B881F0EF31C00F297EC /* Project object */;
}
