// !$*UTF8*$!
{
	archiveVersion = 1;
	classes = {
	};
	objectVersion = 48;
	objects = {

/* Begin PBXBuildFile section */
		3DDBF0A91F169D8500CC88CD /* AppDelegate.swift in Sources */ = {isa = PBXBuildFile; fileRef = 3DDBF0A81F169D8500CC88CD /* AppDelegate.swift */; };
		3DDBF0AB1F169D8500CC88CD /* ViewController.swift in Sources */ = {isa = PBXBuildFile; fileRef = 3DDBF0AA1F169D8500CC88CD /* ViewController.swift */; };
		3DDBF0AE1F169D8500CC88CD /* Main.storyboard in Resources */ = {isa = PBXBuildFile; fileRef = 3DDBF0AC1F169D8500CC88CD /* Main.storyboard */; };
		3DDBF0B01F169D8500CC88CD /* Assets.xcassets in Resources */ = {isa = PBXBuildFile; fileRef = 3DDBF0AF1F169D8500CC88CD /* Assets.xcassets */; };
		3DDBF0B31F169D8500CC88CD /* LaunchScreen.storyboard in Resources */ = {isa = PBXBuildFile; fileRef = 3DDBF0B11F169D8500CC88CD /* LaunchScreen.storyboard */; };
		3DDBF0BB1F169F9A00CC88CD /* CustomCell.swift in Sources */ = {isa = PBXBuildFile; fileRef = 3DDBF0BA1F169F9A00CC88CD /* CustomCell.swift */; };
/* End PBXBuildFile section */

/* Begin PBXFileReference section */
		3DDBF0A51F169D8500CC88CD /* customTableViewCell.app */ = {isa = PBXFileReference; explicitFileType = wrapper.application; includeInIndex = 0; path = customTableViewCell.app; sourceTree = BUILT_PRODUCTS_DIR; };
		3DDBF0A81F169D8500CC88CD /* AppDelegate.swift */ = {isa = PBXFileReference; lastKnownFileType = sourcecode.swift; path = AppDelegate.swift; sourceTree = "<group>"; };
		3DDBF0AA1F169D8500CC88CD /* ViewController.swift */ = {isa = PBXFileReference; lastKnownFileType = sourcecode.swift; path = ViewController.swift; sourceTree = "<group>"; };
		3DDBF0AD1F169D8500CC88CD /* Base */ = {isa = PBXFileReference; lastKnownFileType = file.storyboard; name = Base; path = Base.lproj/Main.storyboard; sourceTree = "<group>"; };
		3DDBF0AF1F169D8500CC88CD /* Assets.xcassets */ = {isa = PBXFileReference; lastKnownFileType = folder.assetcatalog; path = Assets.xcassets; sourceTree = "<group>"; };
		3DDBF0B21F169D8500CC88CD /* Base */ = {isa = PBXFileReference; lastKnownFileType = file.storyboard; name = Base; path = Base.lproj/LaunchScreen.storyboard; sourceTree = "<group>"; };
		3DDBF0B41F169D8500CC88CD /* Info.plist */ = {isa = PBXFileReference; lastKnownFileType = text.plist.xml; path = Info.plist; sourceTree = "<group>"; };
		3DDBF0BA1F169F9A00CC88CD /* CustomCell.swift */ = {isa = PBXFileReference; lastKnownFileType = sourcecode.swift; path = CustomCell.swift; sourceTree = "<group>"; };
/* End PBXFileReference section */

/* Begin PBXFrameworksBuildPhase section */
		3DDBF0A21F169D8500CC88CD /* Frameworks */ = {
			isa = PBXFrameworksBuildPhase;
			buildActionMask = 2147483647;
			files = (
			);
			runOnlyForDeploymentPostprocessing = 0;
		};
/* End PBXFrameworksBuildPhase section */

/* Begin PBXGroup section */
		3DDBF09C1F169D8500CC88CD = {
			isa = PBXGroup;
			children = (
				3DDBF0A71F169D8500CC88CD /* customTableViewCell */,
				3DDBF0A61F169D8500CC88CD /* Products */,
			);
			sourceTree = "<group>";
		};
		3DDBF0A61F169D8500CC88CD /* Products */ = {
			isa = PBXGroup;
			children = (
				3DDBF0A51F169D8500CC88CD /* customTableViewCell.app */,
			);
			name = Products;
			sourceTree = "<group>";
		};
		3DDBF0A71F169D8500CC88CD /* customTableViewCell */ = {
			isa = PBXGroup;
			children = (
				3DDBF0A81F169D8500CC88CD /* AppDelegate.swift */,
				3DDBF0AA1F169D8500CC88CD /* ViewController.swift */,
				3DDBF0AC1F169D8500CC88CD /* Main.storyboard */,
				3DDBF0AF1F169D8500CC88CD /* Assets.xcassets */,
				3DDBF0B11F169D8500CC88CD /* LaunchScreen.storyboard */,
				3DDBF0B41F169D8500CC88CD /* Info.plist */,
				3DDBF0BA1F169F9A00CC88CD /* CustomCell.swift */,
			);
			path = customTableViewCell;
			sourceTree = "<group>";
		};
/* End PBXGroup section */

/* Begin PBXNativeTarget section */
		3DDBF0A41F169D8500CC88CD /* customTableViewCell */ = {
			isa = PBXNativeTarget;
			buildConfigurationList = 3DDBF0B71F169D8500CC88CD /* Build configuration list for PBXNativeTarget "customTableViewCell" */;
			buildPhases = (
				3DDBF0A11F169D8500CC88CD /* Sources */,
				3DDBF0A21F169D8500CC88CD /* Frameworks */,
				3DDBF0A31F169D8500CC88CD /* Resources */,
			);
			buildRules = (
			);
			dependencies = (
			);
			name = customTableViewCell;
			productName = customTableViewCell;
			productReference = 3DDBF0A51F169D8500CC88CD /* customTableViewCell.app */;
			productType = "com.apple.product-type.application";
		};
/* End PBXNativeTarget section */

/* Begin PBXProject section */
		3DDBF09D1F169D8500CC88CD /* Project object */ = {
			isa = PBXProject;
			attributes = {
				LastSwiftUpdateCheck = 0900;
				LastUpgradeCheck = 0900;
				ORGANIZATIONNAME = studio;
				TargetAttributes = {
					3DDBF0A41F169D8500CC88CD = {
						CreatedOnToolsVersion = 9.0;
					};
				};
			};
			buildConfigurationList = 3DDBF0A01F169D8500CC88CD /* Build configuration list for PBXProject "customTableViewCell" */;
			compatibilityVersion = "Xcode 8.0";
			developmentRegion = en;
			hasScannedForEncodings = 0;
			knownRegions = (
				en,
				Base,
			);
			mainGroup = 3DDBF09C1F169D8500CC88CD;
			productRefGroup = 3DDBF0A61F169D8500CC88CD /* Products */;
			projectDirPath = "";
			projectRoot = "";
			targets = (
				3DDBF0A41F169D8500CC88CD /* customTableViewCell */,
			);
		};
/* End PBXProject section */

/* Begin PBXResourcesBuildPhase section */
		3DDBF0A31F169D8500CC88CD /* Resources */ = {
			isa = PBXResourcesBuildPhase;
			buildActionMask = 2147483647;
			files = (
				3DDBF0B31F169D8500CC88CD /* LaunchScreen.storyboard in Resources */,
				3DDBF0B01F169D8500CC88CD /* Assets.xcassets in Resources */,
				3DDBF0AE1F169D8500CC88CD /* Main.storyboard in Resources */,
			);
			runOnlyForDeploymentPostprocessing = 0;
		};
/* End PBXResourcesBuildPhase section */

/* Begin PBXSourcesBuildPhase section */
		3DDBF0A11F169D8500CC88CD /* Sources */ = {
			isa = PBXSourcesBuildPhase;
			buildActionMask = 2147483647;
			files = (
				3DDBF0AB1F169D8500CC88CD /* ViewController.swift in Sources */,
				3DDBF0BB1F169F9A00CC88CD /* CustomCell.swift in Sources */,
				3DDBF0A91F169D8500CC88CD /* AppDelegate.swift in Sources */,
			);
			runOnlyForDeploymentPostprocessing = 0;
		};
/* End PBXSourcesBuildPhase section */

/* Begin PBXVariantGroup section */
		3DDBF0AC1F169D8500CC88CD /* Main.storyboard */ = {
			isa = PBXVariantGroup;
			children = (
				3DDBF0AD1F169D8500CC88CD /* Base */,
			);
			name = Main.storyboard;
			sourceTree = "<group>";
		};
		3DDBF0B11F169D8500CC88CD /* LaunchScreen.storyboard */ = {
			isa = PBXVariantGroup;
			children = (
				3DDBF0B21F169D8500CC88CD /* Base */,
			);
			name = LaunchScreen.storyboard;
			sourceTree = "<group>";
		};
/* End PBXVariantGroup section */

/* Begin XCBuildConfiguration section */
		3DDBF0B51F169D8500CC88CD /* Debug */ = {
			isa = XCBuildConfiguration;
			buildSettings = {
				ALWAYS_SEARCH_USER_PATHS = NO;
				CLANG_ANALYZER_NONNULL = YES;
				CLANG_ANALYZER_NUMBER_OBJECT_CONVERSION = YES_AGGRESSIVE;
				CLANG_CXX_LANGUAGE_STANDARD = "gnu++14";
				CLANG_CXX_LIBRARY = "libc++";
				CLANG_ENABLE_MODULES = YES;
				CLANG_ENABLE_OBJC_ARC = YES;
				CLANG_WARN_BLOCK_CAPTURE_AUTORELEASING = YES;
				CLANG_WARN_BOOL_CONVERSION = YES;
				CLANG_WARN_COMMA = YES;
				CLANG_WARN_CONSTANT_CONVERSION = YES;
				CLANG_WARN_DIRECT_OBJC_ISA_USAGE = YES_ERROR;
				CLANG_WARN_DOCUMENTATION_COMMENTS = YES;
				CLANG_WARN_EMPTY_BODY = YES;
				CLANG_WARN_ENUM_CONVERSION = YES;
				CLANG_WARN_INFINITE_RECURSION = YES;
				CLANG_WARN_INT_CONVERSION = YES;
				CLANG_WARN_OBJC_ROOT_CLASS = YES_ERROR;
				CLANG_WARN_RANGE_LOOP_ANALYSIS = YES;
				CLANG_WARN_STRICT_PROTOTYPES = YES;
				CLANG_WARN_SUSPICIOUS_MOVE = YES;
				CLANG_WARN_UNGUARDED_AVAILABILITY = YES_AGGRESSIVE;
				CLANG_WARN_UNREACHABLE_CODE = YES;
				CLANG_WARN__DUPLICATE_METHOD_MATCH = YES;
				CODE_SIGN_IDENTITY = "iPhone Developer";
				COPY_PHASE_STRIP = NO;
				DEBUG_INFORMATION_FORMAT = dwarf;
				ENABLE_STRICT_OBJC_MSGSEND = YES;
				ENABLE_TESTABILITY = YES;
				GCC_C_LANGUAGE_STANDARD = gnu11;
				GCC_DYNAMIC_NO_PIC = NO;
				GCC_NO_COMMON_BLOCKS = YES;
				GCC_OPTIMIZATION_LEVEL = 0;
				GCC_PREPROCESSOR_DEFINITIONS = (
					"DEBUG=1",
					"$(inherited)",
				);
				GCC_WARN_64_TO_32_BIT_CONVERSION = YES;
				GCC_WARN_ABOUT_RETURN_TYPE = YES_ERROR;
				GCC_WARN_UNDECLARED_SELECTOR = YES;
				GCC_WARN_UNINITIALIZED_AUTOS = YES_AGGRESSIVE;
				GCC_WARN_UNUSED_FUNCTION = YES;
				GCC_WARN_UNUSED_VARIABLE = YES;
				IPHONEOS_DEPLOYMENT_TARGET = 11.0;
				MTL_ENABLE_DEBUG_INFO = YES;
				ONLY_ACTIVE_ARCH = YES;
				SDKROOT = iphoneos;
				SWIFT_ACTIVE_COMPILATION_CONDITIONS = DEBUG;
				SWIFT_OPTIMIZATION_LEVEL = "-Onone";
			};
			name = Debug;
		};
		3DDBF0B61F169D8500CC88CD /* Release */ = {
			isa = XCBuildConfiguration;
			buildSettings = {
				ALWAYS_SEARCH_USER_PATHS = NO;
				CLANG_ANALYZER_NONNULL = YES;
				CLANG_ANALYZER_NUMBER_OBJECT_CONVERSION = YES_AGGRESSIVE;
				CLANG_CXX_LANGUAGE_STANDARD = "gnu++14";
				CLANG_CXX_LIBRARY = "libc++";
				CLANG_ENABLE_MODULES = YES;
				CLANG_ENABLE_OBJC_ARC = YES;
				CLANG_WARN_BLOCK_CAPTURE_AUTORELEASING = YES;
				CLANG_WARN_BOOL_CONVERSION = YES;
				CLANG_WARN_COMMA = YES;
				CLANG_WARN_CONSTANT_CONVERSION = YES;
				CLANG_WARN_DIRECT_OBJC_ISA_USAGE = YES_ERROR;
				CLANG_WARN_DOCUMENTATION_COMMENTS = YES;
				CLANG_WARN_EMPTY_BODY = YES;
				CLANG_WARN_ENUM_CONVERSION = YES;
				CLANG_WARN_INFINITE_RECURSION = YES;
				CLANG_WARN_INT_CONVERSION = YES;
				CLANG_WARN_OBJC_ROOT_CLASS = YES_ERROR;
				CLANG_WARN_RANGE_LOOP_ANALYSIS = YES;
				CLANG_WARN_STRICT_PROTOTYPES = YES;
				CLANG_WARN_SUSPICIOUS_MOVE = YES;
				CLANG_WARN_UNGUARDED_AVAILABILITY = YES_AGGRESSIVE;
				CLANG_WARN_UNREACHABLE_CODE = YES;
				CLANG_WARN__DUPLICATE_METHOD_MATCH = YES;
				CODE_SIGN_IDENTITY = "iPhone Developer";
				COPY_PHASE_STRIP = NO;
				DEBUG_INFORMATION_FORMAT = "dwarf-with-dsym";
				ENABLE_NS_ASSERTIONS = NO;
				ENABLE_STRICT_OBJC_MSGSEND = YES;
				GCC_C_LANGUAGE_STANDARD = gnu11;
				GCC_NO_COMMON_BLOCKS = YES;
				GCC_WARN_64_TO_32_BIT_CONVERSION = YES;
				GCC_WARN_ABOUT_RETURN_TYPE = YES_ERROR;
				GCC_WARN_UNDECLARED_SELECTOR = YES;
				GCC_WARN_UNINITIALIZED_AUTOS = YES_AGGRESSIVE;
				GCC_WARN_UNUSED_FUNCTION = YES;
				GCC_WARN_UNUSED_VARIABLE = YES;
				IPHONEOS_DEPLOYMENT_TARGET = 11.0;
				MTL_ENABLE_DEBUG_INFO = NO;
				SDKROOT = iphoneos;
				SWIFT_OPTIMIZATION_LEVEL = "-Owholemodule";
				VALIDATE_PRODUCT = YES;
			};
			name = Release;
		};
		3DDBF0B81F169D8500CC88CD /* Debug */ = {
			isa = XCBuildConfiguration;
			buildSettings = {
				ASSETCATALOG_COMPILER_APPICON_NAME = AppIcon;
				INFOPLIST_FILE = customTableViewCell/Info.plist;
				LD_RUNPATH_SEARCH_PATHS = "$(inherited) @executable_path/Frameworks";
				PRODUCT_BUNDLE_IDENTIFIER = com.igneus.customTableViewCell;
				PRODUCT_NAME = "$(TARGET_NAME)";
				SWIFT_VERSION = 4.0;
				TARGETED_DEVICE_FAMILY = "1,2";
			};
			name = Debug;
		};
		3DDBF0B91F169D8500CC88CD /* Release */ = {
			isa = XCBuildConfiguration;
			buildSettings = {
				ASSETCATALOG_COMPILER_APPICON_NAME = AppIcon;
				INFOPLIST_FILE = customTableViewCell/Info.plist;
				LD_RUNPATH_SEARCH_PATHS = "$(inherited) @executable_path/Frameworks";
				PRODUCT_BUNDLE_IDENTIFIER = com.igneus.customTableViewCell;
				PRODUCT_NAME = "$(TARGET_NAME)";
				SWIFT_VERSION = 4.0;
				TARGETED_DEVICE_FAMILY = "1,2";
			};
			name = Release;
		};
/* End XCBuildConfiguration section */

/* Begin XCConfigurationList section */
		3DDBF0A01F169D8500CC88CD /* Build configuration list for PBXProject "customTableViewCell" */ = {
			isa = XCConfigurationList;
			buildConfigurations = (
				3DDBF0B51F169D8500CC88CD /* Debug */,
				3DDBF0B61F169D8500CC88CD /* Release */,
			);
			defaultConfigurationIsVisible = 0;
			defaultConfigurationName = Release;
		};
		3DDBF0B71F169D8500CC88CD /* Build configuration list for PBXNativeTarget "customTableViewCell" */ = {
			isa = XCConfigurationList;
			buildConfigurations = (
				3DDBF0B81F169D8500CC88CD /* Debug */,
				3DDBF0B91F169D8500CC88CD /* Release */,
			);
			defaultConfigurationIsVisible = 0;
		};
/* End XCConfigurationList section */
	};
	rootObject = 3DDBF09D1F169D8500CC88CD /* Project object */;
}
