// !$*UTF8*$!
{
	archiveVersion = 1;
	classes = {
	};
	objectVersion = 48;
	objects = {

/* Begin PBXBuildFile section */
		3DAF944F1F101E0C00E7AC3E /* AppDelegate.swift in Sources */ = {isa = PBXBuildFile; fileRef = 3DAF944E1F101E0C00E7AC3E /* AppDelegate.swift */; };
		3DAF94511F101E0C00E7AC3E /* ViewController.swift in Sources */ = {isa = PBXBuildFile; fileRef = 3DAF94501F101E0C00E7AC3E /* ViewController.swift */; };
		3DAF94541F101E0C00E7AC3E /* Main.storyboard in Resources */ = {isa = PBXBuildFile; fileRef = 3DAF94521F101E0C00E7AC3E /* Main.storyboard */; };
		3DAF94561F101E0C00E7AC3E /* Assets.xcassets in Resources */ = {isa = PBXBuildFile; fileRef = 3DAF94551F101E0C00E7AC3E /* Assets.xcassets */; };
		3DAF94591F101E0C00E7AC3E /* LaunchScreen.storyboard in Resources */ = {isa = PBXBuildFile; fileRef = 3DAF94571F101E0C00E7AC3E /* LaunchScreen.storyboard */; };
/* End PBXBuildFile section */

/* Begin PBXFileReference section */
		3DAF944B1F101E0C00E7AC3E /* USARegister.app */ = {isa = PBXFileReference; explicitFileType = wrapper.application; includeInIndex = 0; path = USARegister.app; sourceTree = BUILT_PRODUCTS_DIR; };
		3DAF944E1F101E0C00E7AC3E /* AppDelegate.swift */ = {isa = PBXFileReference; lastKnownFileType = sourcecode.swift; path = AppDelegate.swift; sourceTree = "<group>"; };
		3DAF94501F101E0C00E7AC3E /* ViewController.swift */ = {isa = PBXFileReference; lastKnownFileType = sourcecode.swift; path = ViewController.swift; sourceTree = "<group>"; };
		3DAF94531F101E0C00E7AC3E /* Base */ = {isa = PBXFileReference; lastKnownFileType = file.storyboard; name = Base; path = Base.lproj/Main.storyboard; sourceTree = "<group>"; };
		3DAF94551F101E0C00E7AC3E /* Assets.xcassets */ = {isa = PBXFileReference; lastKnownFileType = folder.assetcatalog; path = Assets.xcassets; sourceTree = "<group>"; };
		3DAF94581F101E0C00E7AC3E /* Base */ = {isa = PBXFileReference; lastKnownFileType = file.storyboard; name = Base; path = Base.lproj/LaunchScreen.storyboard; sourceTree = "<group>"; };
		3DAF945A1F101E0C00E7AC3E /* Info.plist */ = {isa = PBXFileReference; lastKnownFileType = text.plist.xml; path = Info.plist; sourceTree = "<group>"; };
/* End PBXFileReference section */

/* Begin PBXFrameworksBuildPhase section */
		3DAF94481F101E0C00E7AC3E /* Frameworks */ = {
			isa = PBXFrameworksBuildPhase;
			buildActionMask = 2147483647;
			files = (
			);
			runOnlyForDeploymentPostprocessing = 0;
		};
/* End PBXFrameworksBuildPhase section */

/* Begin PBXGroup section */
		3DAF94421F101E0C00E7AC3E = {
			isa = PBXGroup;
			children = (
				3DAF944D1F101E0C00E7AC3E /* USARegister */,
				3DAF944C1F101E0C00E7AC3E /* Products */,
			);
			sourceTree = "<group>";
		};
		3DAF944C1F101E0C00E7AC3E /* Products */ = {
			isa = PBXGroup;
			children = (
				3DAF944B1F101E0C00E7AC3E /* USARegister.app */,
			);
			name = Products;
			sourceTree = "<group>";
		};
		3DAF944D1F101E0C00E7AC3E /* USARegister */ = {
			isa = PBXGroup;
			children = (
				3DAF944E1F101E0C00E7AC3E /* AppDelegate.swift */,
				3DAF94501F101E0C00E7AC3E /* ViewController.swift */,
				3DAF94521F101E0C00E7AC3E /* Main.storyboard */,
				3DAF94551F101E0C00E7AC3E /* Assets.xcassets */,
				3DAF94571F101E0C00E7AC3E /* LaunchScreen.storyboard */,
				3DAF945A1F101E0C00E7AC3E /* Info.plist */,
			);
			path = USARegister;
			sourceTree = "<group>";
		};
/* End PBXGroup section */

/* Begin PBXNativeTarget section */
		3DAF944A1F101E0C00E7AC3E /* USARegister */ = {
			isa = PBXNativeTarget;
			buildConfigurationList = 3DAF945D1F101E0C00E7AC3E /* Build configuration list for PBXNativeTarget "USARegister" */;
			buildPhases = (
				3DAF94471F101E0C00E7AC3E /* Sources */,
				3DAF94481F101E0C00E7AC3E /* Frameworks */,
				3DAF94491F101E0C00E7AC3E /* Resources */,
			);
			buildRules = (
			);
			dependencies = (
			);
			name = USARegister;
			productName = USARegister;
			productReference = 3DAF944B1F101E0C00E7AC3E /* USARegister.app */;
			productType = "com.apple.product-type.application";
		};
/* End PBXNativeTarget section */

/* Begin PBXProject section */
		3DAF94431F101E0C00E7AC3E /* Project object */ = {
			isa = PBXProject;
			attributes = {
				LastSwiftUpdateCheck = 0900;
				LastUpgradeCheck = 0900;
				ORGANIZATIONNAME = studio;
				TargetAttributes = {
					3DAF944A1F101E0C00E7AC3E = {
						CreatedOnToolsVersion = 9.0;
					};
				};
			};
			buildConfigurationList = 3DAF94461F101E0C00E7AC3E /* Build configuration list for PBXProject "USARegister" */;
			compatibilityVersion = "Xcode 8.0";
			developmentRegion = en;
			hasScannedForEncodings = 0;
			knownRegions = (
				en,
				Base,
			);
			mainGroup = 3DAF94421F101E0C00E7AC3E;
			productRefGroup = 3DAF944C1F101E0C00E7AC3E /* Products */;
			projectDirPath = "";
			projectRoot = "";
			targets = (
				3DAF944A1F101E0C00E7AC3E /* USARegister */,
			);
		};
/* End PBXProject section */

/* Begin PBXResourcesBuildPhase section */
		3DAF94491F101E0C00E7AC3E /* Resources */ = {
			isa = PBXResourcesBuildPhase;
			buildActionMask = 2147483647;
			files = (
				3DAF94591F101E0C00E7AC3E /* LaunchScreen.storyboard in Resources */,
				3DAF94561F101E0C00E7AC3E /* Assets.xcassets in Resources */,
				3DAF94541F101E0C00E7AC3E /* Main.storyboard in Resources */,
			);
			runOnlyForDeploymentPostprocessing = 0;
		};
/* End PBXResourcesBuildPhase section */

/* Begin PBXSourcesBuildPhase section */
		3DAF94471F101E0C00E7AC3E /* Sources */ = {
			isa = PBXSourcesBuildPhase;
			buildActionMask = 2147483647;
			files = (
				3DAF94511F101E0C00E7AC3E /* ViewController.swift in Sources */,
				3DAF944F1F101E0C00E7AC3E /* AppDelegate.swift in Sources */,
			);
			runOnlyForDeploymentPostprocessing = 0;
		};
/* End PBXSourcesBuildPhase section */

/* Begin PBXVariantGroup section */
		3DAF94521F101E0C00E7AC3E /* Main.storyboard */ = {
			isa = PBXVariantGroup;
			children = (
				3DAF94531F101E0C00E7AC3E /* Base */,
			);
			name = Main.storyboard;
			sourceTree = "<group>";
		};
		3DAF94571F101E0C00E7AC3E /* LaunchScreen.storyboard */ = {
			isa = PBXVariantGroup;
			children = (
				3DAF94581F101E0C00E7AC3E /* Base */,
			);
			name = LaunchScreen.storyboard;
			sourceTree = "<group>";
		};
/* End PBXVariantGroup section */

/* Begin XCBuildConfiguration section */
		3DAF945B1F101E0C00E7AC3E /* Debug */ = {
			isa = XCBuildConfiguration;
			buildSettings = {
				ALWAYS_SEARCH_USER_PATHS = NO;
				CLANG_ANALYZER_NONNULL = YES;
				CLANG_ANALYZER_NUMBER_OBJECT_CONVERSION = YES_AGGRESSIVE;
				CLANG_CXX_LANGUAGE_STANDARD = "gnu++14";
				CLANG_CXX_LIBRARY = "libc++";
				CLANG_ENABLE_MODULES = YES;
				CLANG_ENABLE_OBJC_ARC = YES;
				CLANG_WARN_BLOCK_CAPTURE_AUTORELEASING = YES;
				CLANG_WARN_BOOL_CONVERSION = YES;
				CLANG_WARN_COMMA = YES;
				CLANG_WARN_CONSTANT_CONVERSION = YES;
				CLANG_WARN_DIRECT_OBJC_ISA_USAGE = YES_ERROR;
				CLANG_WARN_DOCUMENTATION_COMMENTS = YES;
				CLANG_WARN_EMPTY_BODY = YES;
				CLANG_WARN_ENUM_CONVERSION = YES;
				CLANG_WARN_INFINITE_RECURSION = YES;
				CLANG_WARN_INT_CONVERSION = YES;
				CLANG_WARN_OBJC_ROOT_CLASS = YES_ERROR;
				CLANG_WARN_RANGE_LOOP_ANALYSIS = YES;
				CLANG_WARN_STRICT_PROTOTYPES = YES;
				CLANG_WARN_SUSPICIOUS_MOVE = YES;
				CLANG_WARN_UNGUARDED_AVAILABILITY = YES_AGGRESSIVE;
				CLANG_WARN_UNREACHABLE_CODE = YES;
				CLANG_WARN__DUPLICATE_METHOD_MATCH = YES;
				CODE_SIGN_IDENTITY = "iPhone Developer";
				COPY_PHASE_STRIP = NO;
				DEBUG_INFORMATION_FORMAT = dwarf;
				ENABLE_STRICT_OBJC_MSGSEND = YES;
				ENABLE_TESTABILITY = YES;
				GCC_C_LANGUAGE_STANDARD = gnu11;
				GCC_DYNAMIC_NO_PIC = NO;
				GCC_NO_COMMON_BLOCKS = YES;
				GCC_OPTIMIZATION_LEVEL = 0;
				GCC_PREPROCESSOR_DEFINITIONS = (
					"DEBUG=1",
					"$(inherited)",
				);
				GCC_WARN_64_TO_32_BIT_CONVERSION = YES;
				GCC_WARN_ABOUT_RETURN_TYPE = YES_ERROR;
				GCC_WARN_UNDECLARED_SELECTOR = YES;
				GCC_WARN_UNINITIALIZED_AUTOS = YES_AGGRESSIVE;
				GCC_WARN_UNUSED_FUNCTION = YES;
				GCC_WARN_UNUSED_VARIABLE = YES;
				IPHONEOS_DEPLOYMENT_TARGET = 11.0;
				MTL_ENABLE_DEBUG_INFO = YES;
				ONLY_ACTIVE_ARCH = YES;
				SDKROOT = iphoneos;
				SWIFT_ACTIVE_COMPILATION_CONDITIONS = DEBUG;
				SWIFT_OPTIMIZATION_LEVEL = "-Onone";
			};
			name = Debug;
		};
		3DAF945C1F101E0C00E7AC3E /* Release */ = {
			isa = XCBuildConfiguration;
			buildSettings = {
				ALWAYS_SEARCH_USER_PATHS = NO;
				CLANG_ANALYZER_NONNULL = YES;
				CLANG_ANALYZER_NUMBER_OBJECT_CONVERSION = YES_AGGRESSIVE;
				CLANG_CXX_LANGUAGE_STANDARD = "gnu++14";
				CLANG_CXX_LIBRARY = "libc++";
				CLANG_ENABLE_MODULES = YES;
				CLANG_ENABLE_OBJC_ARC = YES;
				CLANG_WARN_BLOCK_CAPTURE_AUTORELEASING = YES;
				CLANG_WARN_BOOL_CONVERSION = YES;
				CLANG_WARN_COMMA = YES;
				CLANG_WARN_CONSTANT_CONVERSION = YES;
				CLANG_WARN_DIRECT_OBJC_ISA_USAGE = YES_ERROR;
				CLANG_WARN_DOCUMENTATION_COMMENTS = YES;
				CLANG_WARN_EMPTY_BODY = YES;
				CLANG_WARN_ENUM_CONVERSION = YES;
				CLANG_WARN_INFINITE_RECURSION = YES;
				CLANG_WARN_INT_CONVERSION = YES;
				CLANG_WARN_OBJC_ROOT_CLASS = YES_ERROR;
				CLANG_WARN_RANGE_LOOP_ANALYSIS = YES;
				CLANG_WARN_STRICT_PROTOTYPES = YES;
				CLANG_WARN_SUSPICIOUS_MOVE = YES;
				CLANG_WARN_UNGUARDED_AVAILABILITY = YES_AGGRESSIVE;
				CLANG_WARN_UNREACHABLE_CODE = YES;
				CLANG_WARN__DUPLICATE_METHOD_MATCH = YES;
				CODE_SIGN_IDENTITY = "iPhone Developer";
				COPY_PHASE_STRIP = NO;
				DEBUG_INFORMATION_FORMAT = "dwarf-with-dsym";
				ENABLE_NS_ASSERTIONS = NO;
				ENABLE_STRICT_OBJC_MSGSEND = YES;
				GCC_C_LANGUAGE_STANDARD = gnu11;
				GCC_NO_COMMON_BLOCKS = YES;
				GCC_WARN_64_TO_32_BIT_CONVERSION = YES;
				GCC_WARN_ABOUT_RETURN_TYPE = YES_ERROR;
				GCC_WARN_UNDECLARED_SELECTOR = YES;
				GCC_WARN_UNINITIALIZED_AUTOS = YES_AGGRESSIVE;
				GCC_WARN_UNUSED_FUNCTION = YES;
				GCC_WARN_UNUSED_VARIABLE = YES;
				IPHONEOS_DEPLOYMENT_TARGET = 11.0;
				MTL_ENABLE_DEBUG_INFO = NO;
				SDKROOT = iphoneos;
				SWIFT_OPTIMIZATION_LEVEL = "-Owholemodule";
				VALIDATE_PRODUCT = YES;
			};
			name = Release;
		};
		3DAF945E1F101E0C00E7AC3E /* Debug */ = {
			isa = XCBuildConfiguration;
			buildSettings = {
				ASSETCATALOG_COMPILER_APPICON_NAME = AppIcon;
				INFOPLIST_FILE = USARegister/Info.plist;
				LD_RUNPATH_SEARCH_PATHS = "$(inherited) @executable_path/Frameworks";
				PRODUCT_BUNDLE_IDENTIFIER = com.igneus.USARegister;
				PRODUCT_NAME = "$(TARGET_NAME)";
				SWIFT_VERSION = 4.0;
				TARGETED_DEVICE_FAMILY = "1,2";
			};
			name = Debug;
		};
		3DAF945F1F101E0C00E7AC3E /* Release */ = {
			isa = XCBuildConfiguration;
			buildSettings = {
				ASSETCATALOG_COMPILER_APPICON_NAME = AppIcon;
				INFOPLIST_FILE = USARegister/Info.plist;
				LD_RUNPATH_SEARCH_PATHS = "$(inherited) @executable_path/Frameworks";
				PRODUCT_BUNDLE_IDENTIFIER = com.igneus.USARegister;
				PRODUCT_NAME = "$(TARGET_NAME)";
				SWIFT_VERSION = 4.0;
				TARGETED_DEVICE_FAMILY = "1,2";
			};
			name = Release;
		};
/* End XCBuildConfiguration section */

/* Begin XCConfigurationList section */
		3DAF94461F101E0C00E7AC3E /* Build configuration list for PBXProject "USARegister" */ = {
			isa = XCConfigurationList;
			buildConfigurations = (
				3DAF945B1F101E0C00E7AC3E /* Debug */,
				3DAF945C1F101E0C00E7AC3E /* Release */,
			);
			defaultConfigurationIsVisible = 0;
			defaultConfigurationName = Release;
		};
		3DAF945D1F101E0C00E7AC3E /* Build configuration list for PBXNativeTarget "USARegister" */ = {
			isa = XCConfigurationList;
			buildConfigurations = (
				3DAF945E1F101E0C00E7AC3E /* Debug */,
				3DAF945F1F101E0C00E7AC3E /* Release */,
			);
			defaultConfigurationIsVisible = 0;
		};
/* End XCConfigurationList section */
	};
	rootObject = 3DAF94431F101E0C00E7AC3E /* Project object */;
}
