// !$*UTF8*$!
{
	archiveVersion = 1;
	classes = {
	};
	objectVersion = 48;
	objects = {

/* Begin PBXBuildFile section */
		3697C2478565E9AA61368141 /* Pods_Profiler.framework in Frameworks */ = {isa = PBXBuildFile; fileRef = E61C1A27E03E4EF24A6B97D6 /* Pods_Profiler.framework */; };
		3DBA72831F2BDA6D00A11B36 /* AppDelegate.swift in Sources */ = {isa = PBXBuildFile; fileRef = 3DBA72821F2BDA6D00A11B36 /* AppDelegate.swift */; };
		3DBA72851F2BDA6D00A11B36 /* ViewController.swift in Sources */ = {isa = PBXBuildFile; fileRef = 3DBA72841F2BDA6D00A11B36 /* ViewController.swift */; };
		3DBA72881F2BDA6D00A11B36 /* Main.storyboard in Resources */ = {isa = PBXBuildFile; fileRef = 3DBA72861F2BDA6D00A11B36 /* Main.storyboard */; };
		3DBA728A1F2BDA6D00A11B36 /* Assets.xcassets in Resources */ = {isa = PBXBuildFile; fileRef = 3DBA72891F2BDA6D00A11B36 /* Assets.xcassets */; };
		3DBA728D1F2BDA6D00A11B36 /* LaunchScreen.storyboard in Resources */ = {isa = PBXBuildFile; fileRef = 3DBA728B1F2BDA6D00A11B36 /* LaunchScreen.storyboard */; };
/* End PBXBuildFile section */

/* Begin PBXFileReference section */
		3DBA727F1F2BDA6D00A11B36 /* Profiler.app */ = {isa = PBXFileReference; explicitFileType = wrapper.application; includeInIndex = 0; path = Profiler.app; sourceTree = BUILT_PRODUCTS_DIR; };
		3DBA72821F2BDA6D00A11B36 /* AppDelegate.swift */ = {isa = PBXFileReference; lastKnownFileType = sourcecode.swift; path = AppDelegate.swift; sourceTree = "<group>"; };
		3DBA72841F2BDA6D00A11B36 /* ViewController.swift */ = {isa = PBXFileReference; lastKnownFileType = sourcecode.swift; path = ViewController.swift; sourceTree = "<group>"; };
		3DBA72871F2BDA6D00A11B36 /* Base */ = {isa = PBXFileReference; lastKnownFileType = file.storyboard; name = Base; path = Base.lproj/Main.storyboard; sourceTree = "<group>"; };
		3DBA72891F2BDA6D00A11B36 /* Assets.xcassets */ = {isa = PBXFileReference; lastKnownFileType = folder.assetcatalog; path = Assets.xcassets; sourceTree = "<group>"; };
		3DBA728C1F2BDA6D00A11B36 /* Base */ = {isa = PBXFileReference; lastKnownFileType = file.storyboard; name = Base; path = Base.lproj/LaunchScreen.storyboard; sourceTree = "<group>"; };
		3DBA728E1F2BDA6D00A11B36 /* Info.plist */ = {isa = PBXFileReference; lastKnownFileType = text.plist.xml; path = Info.plist; sourceTree = "<group>"; };
		4B44BD22EE08F4EEDF2A72D7 /* Pods-Profiler.debug.xcconfig */ = {isa = PBXFileReference; includeInIndex = 1; lastKnownFileType = text.xcconfig; name = "Pods-Profiler.debug.xcconfig"; path = "Pods/Target Support Files/Pods-Profiler/Pods-Profiler.debug.xcconfig"; sourceTree = "<group>"; };
		E61C1A27E03E4EF24A6B97D6 /* Pods_Profiler.framework */ = {isa = PBXFileReference; explicitFileType = wrapper.framework; includeInIndex = 0; path = Pods_Profiler.framework; sourceTree = BUILT_PRODUCTS_DIR; };
		EBEAC668D1B50A6B298E3063 /* Pods-Profiler.release.xcconfig */ = {isa = PBXFileReference; includeInIndex = 1; lastKnownFileType = text.xcconfig; name = "Pods-Profiler.release.xcconfig"; path = "Pods/Target Support Files/Pods-Profiler/Pods-Profiler.release.xcconfig"; sourceTree = "<group>"; };
/* End PBXFileReference section */

/* Begin PBXFrameworksBuildPhase section */
		3DBA727C1F2BDA6D00A11B36 /* Frameworks */ = {
			isa = PBXFrameworksBuildPhase;
			buildActionMask = 2147483647;
			files = (
				3697C2478565E9AA61368141 /* Pods_Profiler.framework in Frameworks */,
			);
			runOnlyForDeploymentPostprocessing = 0;
		};
/* End PBXFrameworksBuildPhase section */

/* Begin PBXGroup section */
		3DBA72761F2BDA6D00A11B36 = {
			isa = PBXGroup;
			children = (
				3DBA72811F2BDA6D00A11B36 /* Profiler */,
				3DBA72801F2BDA6D00A11B36 /* Products */,
				6ADCE3CEFB937F7B2EEF00DB /* Pods */,
				BB6C72ED124BAE63532CA228 /* Frameworks */,
			);
			sourceTree = "<group>";
		};
		3DBA72801F2BDA6D00A11B36 /* Products */ = {
			isa = PBXGroup;
			children = (
				3DBA727F1F2BDA6D00A11B36 /* Profiler.app */,
			);
			name = Products;
			sourceTree = "<group>";
		};
		3DBA72811F2BDA6D00A11B36 /* Profiler */ = {
			isa = PBXGroup;
			children = (
				3DBA72821F2BDA6D00A11B36 /* AppDelegate.swift */,
				3DBA72841F2BDA6D00A11B36 /* ViewController.swift */,
				3DBA72861F2BDA6D00A11B36 /* Main.storyboard */,
				3DBA72891F2BDA6D00A11B36 /* Assets.xcassets */,
				3DBA728B1F2BDA6D00A11B36 /* LaunchScreen.storyboard */,
				3DBA728E1F2BDA6D00A11B36 /* Info.plist */,
			);
			path = Profiler;
			sourceTree = "<group>";
		};
		6ADCE3CEFB937F7B2EEF00DB /* Pods */ = {
			isa = PBXGroup;
			children = (
				4B44BD22EE08F4EEDF2A72D7 /* Pods-Profiler.debug.xcconfig */,
				EBEAC668D1B50A6B298E3063 /* Pods-Profiler.release.xcconfig */,
			);
			name = Pods;
			sourceTree = "<group>";
		};
		BB6C72ED124BAE63532CA228 /* Frameworks */ = {
			isa = PBXGroup;
			children = (
				E61C1A27E03E4EF24A6B97D6 /* Pods_Profiler.framework */,
			);
			name = Frameworks;
			sourceTree = "<group>";
		};
/* End PBXGroup section */

/* Begin PBXNativeTarget section */
		3DBA727E1F2BDA6D00A11B36 /* Profiler */ = {
			isa = PBXNativeTarget;
			buildConfigurationList = 3DBA72911F2BDA6D00A11B36 /* Build configuration list for PBXNativeTarget "Profiler" */;
			buildPhases = (
				AB6082E6084B28F77B2B340E /* [CP] Check Pods Manifest.lock */,
				3DBA727B1F2BDA6D00A11B36 /* Sources */,
				3DBA727C1F2BDA6D00A11B36 /* Frameworks */,
				3DBA727D1F2BDA6D00A11B36 /* Resources */,
				2660565AEB186AB2E2576081 /* [CP] Embed Pods Frameworks */,
				E9B6B871A67F847F29AD59D1 /* [CP] Copy Pods Resources */,
			);
			buildRules = (
			);
			dependencies = (
			);
			name = Profiler;
			productName = Profiler;
			productReference = 3DBA727F1F2BDA6D00A11B36 /* Profiler.app */;
			productType = "com.apple.product-type.application";
		};
/* End PBXNativeTarget section */

/* Begin PBXProject section */
		3DBA72771F2BDA6D00A11B36 /* Project object */ = {
			isa = PBXProject;
			attributes = {
				LastSwiftUpdateCheck = 0900;
				LastUpgradeCheck = 0900;
				ORGANIZATIONNAME = studio;
				TargetAttributes = {
					3DBA727E1F2BDA6D00A11B36 = {
						CreatedOnToolsVersion = 9.0;
					};
				};
			};
			buildConfigurationList = 3DBA727A1F2BDA6D00A11B36 /* Build configuration list for PBXProject "Profiler" */;
			compatibilityVersion = "Xcode 8.0";
			developmentRegion = en;
			hasScannedForEncodings = 0;
			knownRegions = (
				en,
				Base,
			);
			mainGroup = 3DBA72761F2BDA6D00A11B36;
			productRefGroup = 3DBA72801F2BDA6D00A11B36 /* Products */;
			projectDirPath = "";
			projectRoot = "";
			targets = (
				3DBA727E1F2BDA6D00A11B36 /* Profiler */,
			);
		};
/* End PBXProject section */

/* Begin PBXResourcesBuildPhase section */
		3DBA727D1F2BDA6D00A11B36 /* Resources */ = {
			isa = PBXResourcesBuildPhase;
			buildActionMask = 2147483647;
			files = (
				3DBA728D1F2BDA6D00A11B36 /* LaunchScreen.storyboard in Resources */,
				3DBA728A1F2BDA6D00A11B36 /* Assets.xcassets in Resources */,
				3DBA72881F2BDA6D00A11B36 /* Main.storyboard in Resources */,
			);
			runOnlyForDeploymentPostprocessing = 0;
		};
/* End PBXResourcesBuildPhase section */

/* Begin PBXShellScriptBuildPhase section */
		2660565AEB186AB2E2576081 /* [CP] Embed Pods Frameworks */ = {
			isa = PBXShellScriptBuildPhase;
			buildActionMask = 2147483647;
			files = (
			);
			inputPaths = (
			);
			name = "[CP] Embed Pods Frameworks";
			outputPaths = (
			);
			runOnlyForDeploymentPostprocessing = 0;
			shellPath = /bin/sh;
			shellScript = "\"${SRCROOT}/Pods/Target Support Files/Pods-Profiler/Pods-Profiler-frameworks.sh\"\n";
			showEnvVarsInLog = 0;
		};
		AB6082E6084B28F77B2B340E /* [CP] Check Pods Manifest.lock */ = {
			isa = PBXShellScriptBuildPhase;
			buildActionMask = 2147483647;
			files = (
			);
			inputPaths = (
			);
			name = "[CP] Check Pods Manifest.lock";
			outputPaths = (
			);
			runOnlyForDeploymentPostprocessing = 0;
			shellPath = /bin/sh;
			shellScript = "diff \"${PODS_PODFILE_DIR_PATH}/Podfile.lock\" \"${PODS_ROOT}/Manifest.lock\" > /dev/null\nif [ $? != 0 ] ; then\n    # print error to STDERR\n    echo \"error: The sandbox is not in sync with the Podfile.lock. Run 'pod install' or update your CocoaPods installation.\" >&2\n    exit 1\nfi\n";
			showEnvVarsInLog = 0;
		};
		E9B6B871A67F847F29AD59D1 /* [CP] Copy Pods Resources */ = {
			isa = PBXShellScriptBuildPhase;
			buildActionMask = 2147483647;
			files = (
			);
			inputPaths = (
			);
			name = "[CP] Copy Pods Resources";
			outputPaths = (
			);
			runOnlyForDeploymentPostprocessing = 0;
			shellPath = /bin/sh;
			shellScript = "\"${SRCROOT}/Pods/Target Support Files/Pods-Profiler/Pods-Profiler-resources.sh\"\n";
			showEnvVarsInLog = 0;
		};
/* End PBXShellScriptBuildPhase section */

/* Begin PBXSourcesBuildPhase section */
		3DBA727B1F2BDA6D00A11B36 /* Sources */ = {
			isa = PBXSourcesBuildPhase;
			buildActionMask = 2147483647;
			files = (
				3DBA72851F2BDA6D00A11B36 /* ViewController.swift in Sources */,
				3DBA72831F2BDA6D00A11B36 /* AppDelegate.swift in Sources */,
			);
			runOnlyForDeploymentPostprocessing = 0;
		};
/* End PBXSourcesBuildPhase section */

/* Begin PBXVariantGroup section */
		3DBA72861F2BDA6D00A11B36 /* Main.storyboard */ = {
			isa = PBXVariantGroup;
			children = (
				3DBA72871F2BDA6D00A11B36 /* Base */,
			);
			name = Main.storyboard;
			sourceTree = "<group>";
		};
		3DBA728B1F2BDA6D00A11B36 /* LaunchScreen.storyboard */ = {
			isa = PBXVariantGroup;
			children = (
				3DBA728C1F2BDA6D00A11B36 /* Base */,
			);
			name = LaunchScreen.storyboard;
			sourceTree = "<group>";
		};
/* End PBXVariantGroup section */

/* Begin XCBuildConfiguration section */
		3DBA728F1F2BDA6D00A11B36 /* Debug */ = {
			isa = XCBuildConfiguration;
			buildSettings = {
				ALWAYS_SEARCH_USER_PATHS = NO;
				CLANG_ANALYZER_NONNULL = YES;
				CLANG_ANALYZER_NUMBER_OBJECT_CONVERSION = YES_AGGRESSIVE;
				CLANG_CXX_LANGUAGE_STANDARD = "gnu++14";
				CLANG_CXX_LIBRARY = "libc++";
				CLANG_ENABLE_MODULES = YES;
				CLANG_ENABLE_OBJC_ARC = YES;
				CLANG_WARN_BLOCK_CAPTURE_AUTORELEASING = YES;
				CLANG_WARN_BOOL_CONVERSION = YES;
				CLANG_WARN_COMMA = YES;
				CLANG_WARN_CONSTANT_CONVERSION = YES;
				CLANG_WARN_DIRECT_OBJC_ISA_USAGE = YES_ERROR;
				CLANG_WARN_DOCUMENTATION_COMMENTS = YES;
				CLANG_WARN_EMPTY_BODY = YES;
				CLANG_WARN_ENUM_CONVERSION = YES;
				CLANG_WARN_INFINITE_RECURSION = YES;
				CLANG_WARN_INT_CONVERSION = YES;
				CLANG_WARN_NON_LITERAL_NULL_CONVERSION = YES;
				CLANG_WARN_OBJC_LITERAL_CONVERSION = YES;
				CLANG_WARN_OBJC_ROOT_CLASS = YES_ERROR;
				CLANG_WARN_RANGE_LOOP_ANALYSIS = YES;
				CLANG_WARN_STRICT_PROTOTYPES = YES;
				CLANG_WARN_SUSPICIOUS_MOVE = YES;
				CLANG_WARN_UNGUARDED_AVAILABILITY = YES_AGGRESSIVE;
				CLANG_WARN_UNREACHABLE_CODE = YES;
				CLANG_WARN__DUPLICATE_METHOD_MATCH = YES;
				CODE_SIGN_IDENTITY = "iPhone Developer";
				COPY_PHASE_STRIP = NO;
				DEBUG_INFORMATION_FORMAT = dwarf;
				ENABLE_STRICT_OBJC_MSGSEND = YES;
				ENABLE_TESTABILITY = YES;
				GCC_C_LANGUAGE_STANDARD = gnu11;
				GCC_DYNAMIC_NO_PIC = NO;
				GCC_NO_COMMON_BLOCKS = YES;
				GCC_OPTIMIZATION_LEVEL = 0;
				GCC_PREPROCESSOR_DEFINITIONS = (
					"DEBUG=1",
					"$(inherited)",
				);
				GCC_WARN_64_TO_32_BIT_CONVERSION = YES;
				GCC_WARN_ABOUT_RETURN_TYPE = YES_ERROR;
				GCC_WARN_UNDECLARED_SELECTOR = YES;
				GCC_WARN_UNINITIALIZED_AUTOS = YES_AGGRESSIVE;
				GCC_WARN_UNUSED_FUNCTION = YES;
				GCC_WARN_UNUSED_VARIABLE = YES;
				IPHONEOS_DEPLOYMENT_TARGET = 11.0;
				MTL_ENABLE_DEBUG_INFO = YES;
				ONLY_ACTIVE_ARCH = YES;
				SDKROOT = iphoneos;
				SWIFT_ACTIVE_COMPILATION_CONDITIONS = DEBUG;
				SWIFT_OPTIMIZATION_LEVEL = "-Onone";
			};
			name = Debug;
		};
		3DBA72901F2BDA6D00A11B36 /* Release */ = {
			isa = XCBuildConfiguration;
			buildSettings = {
				ALWAYS_SEARCH_USER_PATHS = NO;
				CLANG_ANALYZER_NONNULL = YES;
				CLANG_ANALYZER_NUMBER_OBJECT_CONVERSION = YES_AGGRESSIVE;
				CLANG_CXX_LANGUAGE_STANDARD = "gnu++14";
				CLANG_CXX_LIBRARY = "libc++";
				CLANG_ENABLE_MODULES = YES;
				CLANG_ENABLE_OBJC_ARC = YES;
				CLANG_WARN_BLOCK_CAPTURE_AUTORELEASING = YES;
				CLANG_WARN_BOOL_CONVERSION = YES;
				CLANG_WARN_COMMA = YES;
				CLANG_WARN_CONSTANT_CONVERSION = YES;
				CLANG_WARN_DIRECT_OBJC_ISA_USAGE = YES_ERROR;
				CLANG_WARN_DOCUMENTATION_COMMENTS = YES;
				CLANG_WARN_EMPTY_BODY = YES;
				CLANG_WARN_ENUM_CONVERSION = YES;
				CLANG_WARN_INFINITE_RECURSION = YES;
				CLANG_WARN_INT_CONVERSION = YES;
				CLANG_WARN_NON_LITERAL_NULL_CONVERSION = YES;
				CLANG_WARN_OBJC_LITERAL_CONVERSION = YES;
				CLANG_WARN_OBJC_ROOT_CLASS = YES_ERROR;
				CLANG_WARN_RANGE_LOOP_ANALYSIS = YES;
				CLANG_WARN_STRICT_PROTOTYPES = YES;
				CLANG_WARN_SUSPICIOUS_MOVE = YES;
				CLANG_WARN_UNGUARDED_AVAILABILITY = YES_AGGRESSIVE;
				CLANG_WARN_UNREACHABLE_CODE = YES;
				CLANG_WARN__DUPLICATE_METHOD_MATCH = YES;
				CODE_SIGN_IDENTITY = "iPhone Developer";
				COPY_PHASE_STRIP = NO;
				DEBUG_INFORMATION_FORMAT = "dwarf-with-dsym";
				ENABLE_NS_ASSERTIONS = NO;
				ENABLE_STRICT_OBJC_MSGSEND = YES;
				GCC_C_LANGUAGE_STANDARD = gnu11;
				GCC_NO_COMMON_BLOCKS = YES;
				GCC_WARN_64_TO_32_BIT_CONVERSION = YES;
				GCC_WARN_ABOUT_RETURN_TYPE = YES_ERROR;
				GCC_WARN_UNDECLARED_SELECTOR = YES;
				GCC_WARN_UNINITIALIZED_AUTOS = YES_AGGRESSIVE;
				GCC_WARN_UNUSED_FUNCTION = YES;
				GCC_WARN_UNUSED_VARIABLE = YES;
				IPHONEOS_DEPLOYMENT_TARGET = 11.0;
				MTL_ENABLE_DEBUG_INFO = NO;
				SDKROOT = iphoneos;
				SWIFT_OPTIMIZATION_LEVEL = "-Owholemodule";
				VALIDATE_PRODUCT = YES;
			};
			name = Release;
		};
		3DBA72921F2BDA6D00A11B36 /* Debug */ = {
			isa = XCBuildConfiguration;
			baseConfigurationReference = 4B44BD22EE08F4EEDF2A72D7 /* Pods-Profiler.debug.xcconfig */;
			buildSettings = {
				ASSETCATALOG_COMPILER_APPICON_NAME = AppIcon;
				INFOPLIST_FILE = Profiler/Info.plist;
				LD_RUNPATH_SEARCH_PATHS = "$(inherited) @executable_path/Frameworks";
				PRODUCT_BUNDLE_IDENTIFIER = com.igneus.Profiler;
				PRODUCT_NAME = "$(TARGET_NAME)";
				SWIFT_VERSION = 4.0;
				TARGETED_DEVICE_FAMILY = "1,2";
			};
			name = Debug;
		};
		3DBA72931F2BDA6D00A11B36 /* Release */ = {
			isa = XCBuildConfiguration;
			baseConfigurationReference = EBEAC668D1B50A6B298E3063 /* Pods-Profiler.release.xcconfig */;
			buildSettings = {
				ASSETCATALOG_COMPILER_APPICON_NAME = AppIcon;
				INFOPLIST_FILE = Profiler/Info.plist;
				LD_RUNPATH_SEARCH_PATHS = "$(inherited) @executable_path/Frameworks";
				PRODUCT_BUNDLE_IDENTIFIER = com.igneus.Profiler;
				PRODUCT_NAME = "$(TARGET_NAME)";
				SWIFT_VERSION = 4.0;
				TARGETED_DEVICE_FAMILY = "1,2";
			};
			name = Release;
		};
/* End XCBuildConfiguration section */

/* Begin XCConfigurationList section */
		3DBA727A1F2BDA6D00A11B36 /* Build configuration list for PBXProject "Profiler" */ = {
			isa = XCConfigurationList;
			buildConfigurations = (
				3DBA728F1F2BDA6D00A11B36 /* Debug */,
				3DBA72901F2BDA6D00A11B36 /* Release */,
			);
			defaultConfigurationIsVisible = 0;
			defaultConfigurationName = Release;
		};
		3DBA72911F2BDA6D00A11B36 /* Build configuration list for PBXNativeTarget "Profiler" */ = {
			isa = XCConfigurationList;
			buildConfigurations = (
				3DBA72921F2BDA6D00A11B36 /* Debug */,
				3DBA72931F2BDA6D00A11B36 /* Release */,
			);
			defaultConfigurationIsVisible = 0;
			defaultConfigurationName = Release;
		};
/* End XCConfigurationList section */
	};
	rootObject = 3DBA72771F2BDA6D00A11B36 /* Project object */;
}
