// !$*UTF8*$!
{
	archiveVersion = 1;
	classes = {
	};
	objectVersion = 48;
	objects = {

/* Begin PBXBuildFile section */
		3DBA72651F2A8F1700A11B36 /* AppDelegate.swift in Sources */ = {isa = PBXBuildFile; fileRef = 3DBA72641F2A8F1700A11B36 /* AppDelegate.swift */; };
		3DBA72671F2A8F1700A11B36 /* ViewController.swift in Sources */ = {isa = PBXBuildFile; fileRef = 3DBA72661F2A8F1700A11B36 /* ViewController.swift */; };
		3DBA726A1F2A8F1700A11B36 /* Main.storyboard in Resources */ = {isa = PBXBuildFile; fileRef = 3DBA72681F2A8F1700A11B36 /* Main.storyboard */; };
		3DBA726C1F2A8F1700A11B36 /* Assets.xcassets in Resources */ = {isa = PBXBuildFile; fileRef = 3DBA726B1F2A8F1700A11B36 /* Assets.xcassets */; };
		3DBA726F1F2A8F1700A11B36 /* LaunchScreen.storyboard in Resources */ = {isa = PBXBuildFile; fileRef = 3DBA726D1F2A8F1700A11B36 /* LaunchScreen.storyboard */; };
		DC2CCA9E7CD17333EE524E63 /* Pods_RandomUser.framework in Frameworks */ = {isa = PBXBuildFile; fileRef = C1B7780F5D87A99E507539AE /* Pods_RandomUser.framework */; };
/* End PBXBuildFile section */

/* Begin PBXFileReference section */
		3791D91415F6246E2444B2A6 /* Pods-RandomUser.release.xcconfig */ = {isa = PBXFileReference; includeInIndex = 1; lastKnownFileType = text.xcconfig; name = "Pods-RandomUser.release.xcconfig"; path = "Pods/Target Support Files/Pods-RandomUser/Pods-RandomUser.release.xcconfig"; sourceTree = "<group>"; };
		3DBA72611F2A8F1700A11B36 /* RandomUser.app */ = {isa = PBXFileReference; explicitFileType = wrapper.application; includeInIndex = 0; path = RandomUser.app; sourceTree = BUILT_PRODUCTS_DIR; };
		3DBA72641F2A8F1700A11B36 /* AppDelegate.swift */ = {isa = PBXFileReference; lastKnownFileType = sourcecode.swift; path = AppDelegate.swift; sourceTree = "<group>"; };
		3DBA72661F2A8F1700A11B36 /* ViewController.swift */ = {isa = PBXFileReference; lastKnownFileType = sourcecode.swift; path = ViewController.swift; sourceTree = "<group>"; };
		3DBA72691F2A8F1700A11B36 /* Base */ = {isa = PBXFileReference; lastKnownFileType = file.storyboard; name = Base; path = Base.lproj/Main.storyboard; sourceTree = "<group>"; };
		3DBA726B1F2A8F1700A11B36 /* Assets.xcassets */ = {isa = PBXFileReference; lastKnownFileType = folder.assetcatalog; path = Assets.xcassets; sourceTree = "<group>"; };
		3DBA726E1F2A8F1700A11B36 /* Base */ = {isa = PBXFileReference; lastKnownFileType = file.storyboard; name = Base; path = Base.lproj/LaunchScreen.storyboard; sourceTree = "<group>"; };
		3DBA72701F2A8F1700A11B36 /* Info.plist */ = {isa = PBXFileReference; lastKnownFileType = text.plist.xml; path = Info.plist; sourceTree = "<group>"; };
		77F0183363D066BE29138B20 /* Pods-RandomUser.debug.xcconfig */ = {isa = PBXFileReference; includeInIndex = 1; lastKnownFileType = text.xcconfig; name = "Pods-RandomUser.debug.xcconfig"; path = "Pods/Target Support Files/Pods-RandomUser/Pods-RandomUser.debug.xcconfig"; sourceTree = "<group>"; };
		C1B7780F5D87A99E507539AE /* Pods_RandomUser.framework */ = {isa = PBXFileReference; explicitFileType = wrapper.framework; includeInIndex = 0; path = Pods_RandomUser.framework; sourceTree = BUILT_PRODUCTS_DIR; };
/* End PBXFileReference section */

/* Begin PBXFrameworksBuildPhase section */
		3DBA725E1F2A8F1700A11B36 /* Frameworks */ = {
			isa = PBXFrameworksBuildPhase;
			buildActionMask = 2147483647;
			files = (
				DC2CCA9E7CD17333EE524E63 /* Pods_RandomUser.framework in Frameworks */,
			);
			runOnlyForDeploymentPostprocessing = 0;
		};
/* End PBXFrameworksBuildPhase section */

/* Begin PBXGroup section */
		3DBA72581F2A8F1700A11B36 = {
			isa = PBXGroup;
			children = (
				3DBA72631F2A8F1700A11B36 /* RandomUser */,
				3DBA72621F2A8F1700A11B36 /* Products */,
				EB80C992FD6866F6882617B2 /* Pods */,
				782239CAC9A2F46CC492B0B7 /* Frameworks */,
			);
			sourceTree = "<group>";
		};
		3DBA72621F2A8F1700A11B36 /* Products */ = {
			isa = PBXGroup;
			children = (
				3DBA72611F2A8F1700A11B36 /* RandomUser.app */,
			);
			name = Products;
			sourceTree = "<group>";
		};
		3DBA72631F2A8F1700A11B36 /* RandomUser */ = {
			isa = PBXGroup;
			children = (
				3DBA72641F2A8F1700A11B36 /* AppDelegate.swift */,
				3DBA72661F2A8F1700A11B36 /* ViewController.swift */,
				3DBA72681F2A8F1700A11B36 /* Main.storyboard */,
				3DBA726B1F2A8F1700A11B36 /* Assets.xcassets */,
				3DBA726D1F2A8F1700A11B36 /* LaunchScreen.storyboard */,
				3DBA72701F2A8F1700A11B36 /* Info.plist */,
			);
			path = RandomUser;
			sourceTree = "<group>";
		};
		782239CAC9A2F46CC492B0B7 /* Frameworks */ = {
			isa = PBXGroup;
			children = (
				C1B7780F5D87A99E507539AE /* Pods_RandomUser.framework */,
			);
			name = Frameworks;
			sourceTree = "<group>";
		};
		EB80C992FD6866F6882617B2 /* Pods */ = {
			isa = PBXGroup;
			children = (
				77F0183363D066BE29138B20 /* Pods-RandomUser.debug.xcconfig */,
				3791D91415F6246E2444B2A6 /* Pods-RandomUser.release.xcconfig */,
			);
			name = Pods;
			sourceTree = "<group>";
		};
/* End PBXGroup section */

/* Begin PBXNativeTarget section */
		3DBA72601F2A8F1700A11B36 /* RandomUser */ = {
			isa = PBXNativeTarget;
			buildConfigurationList = 3DBA72731F2A8F1700A11B36 /* Build configuration list for PBXNativeTarget "RandomUser" */;
			buildPhases = (
				56C2AD537658C7A5EE0459DD /* [CP] Check Pods Manifest.lock */,
				3DBA725D1F2A8F1700A11B36 /* Sources */,
				3DBA725E1F2A8F1700A11B36 /* Frameworks */,
				3DBA725F1F2A8F1700A11B36 /* Resources */,
				7D455244C5E309DE98E6DC9B /* [CP] Embed Pods Frameworks */,
				73A3058F2B51B14685736F38 /* [CP] Copy Pods Resources */,
			);
			buildRules = (
			);
			dependencies = (
			);
			name = RandomUser;
			productName = RandomUser;
			productReference = 3DBA72611F2A8F1700A11B36 /* RandomUser.app */;
			productType = "com.apple.product-type.application";
		};
/* End PBXNativeTarget section */

/* Begin PBXProject section */
		3DBA72591F2A8F1700A11B36 /* Project object */ = {
			isa = PBXProject;
			attributes = {
				LastSwiftUpdateCheck = 0900;
				LastUpgradeCheck = 0900;
				ORGANIZATIONNAME = studio;
				TargetAttributes = {
					3DBA72601F2A8F1700A11B36 = {
						CreatedOnToolsVersion = 9.0;
					};
				};
			};
			buildConfigurationList = 3DBA725C1F2A8F1700A11B36 /* Build configuration list for PBXProject "RandomUser" */;
			compatibilityVersion = "Xcode 8.0";
			developmentRegion = en;
			hasScannedForEncodings = 0;
			knownRegions = (
				en,
				Base,
			);
			mainGroup = 3DBA72581F2A8F1700A11B36;
			productRefGroup = 3DBA72621F2A8F1700A11B36 /* Products */;
			projectDirPath = "";
			projectRoot = "";
			targets = (
				3DBA72601F2A8F1700A11B36 /* RandomUser */,
			);
		};
/* End PBXProject section */

/* Begin PBXResourcesBuildPhase section */
		3DBA725F1F2A8F1700A11B36 /* Resources */ = {
			isa = PBXResourcesBuildPhase;
			buildActionMask = 2147483647;
			files = (
				3DBA726F1F2A8F1700A11B36 /* LaunchScreen.storyboard in Resources */,
				3DBA726C1F2A8F1700A11B36 /* Assets.xcassets in Resources */,
				3DBA726A1F2A8F1700A11B36 /* Main.storyboard in Resources */,
			);
			runOnlyForDeploymentPostprocessing = 0;
		};
/* End PBXResourcesBuildPhase section */

/* Begin PBXShellScriptBuildPhase section */
		56C2AD537658C7A5EE0459DD /* [CP] Check Pods Manifest.lock */ = {
			isa = PBXShellScriptBuildPhase;
			buildActionMask = 2147483647;
			files = (
			);
			inputPaths = (
			);
			name = "[CP] Check Pods Manifest.lock";
			outputPaths = (
			);
			runOnlyForDeploymentPostprocessing = 0;
			shellPath = /bin/sh;
			shellScript = "diff \"${PODS_PODFILE_DIR_PATH}/Podfile.lock\" \"${PODS_ROOT}/Manifest.lock\" > /dev/null\nif [ $? != 0 ] ; then\n    # print error to STDERR\n    echo \"error: The sandbox is not in sync with the Podfile.lock. Run 'pod install' or update your CocoaPods installation.\" >&2\n    exit 1\nfi\n";
			showEnvVarsInLog = 0;
		};
		73A3058F2B51B14685736F38 /* [CP] Copy Pods Resources */ = {
			isa = PBXShellScriptBuildPhase;
			buildActionMask = 2147483647;
			files = (
			);
			inputPaths = (
			);
			name = "[CP] Copy Pods Resources";
			outputPaths = (
			);
			runOnlyForDeploymentPostprocessing = 0;
			shellPath = /bin/sh;
			shellScript = "\"${SRCROOT}/Pods/Target Support Files/Pods-RandomUser/Pods-RandomUser-resources.sh\"\n";
			showEnvVarsInLog = 0;
		};
		7D455244C5E309DE98E6DC9B /* [CP] Embed Pods Frameworks */ = {
			isa = PBXShellScriptBuildPhase;
			buildActionMask = 2147483647;
			files = (
			);
			inputPaths = (
			);
			name = "[CP] Embed Pods Frameworks";
			outputPaths = (
			);
			runOnlyForDeploymentPostprocessing = 0;
			shellPath = /bin/sh;
			shellScript = "\"${SRCROOT}/Pods/Target Support Files/Pods-RandomUser/Pods-RandomUser-frameworks.sh\"\n";
			showEnvVarsInLog = 0;
		};
/* End PBXShellScriptBuildPhase section */

/* Begin PBXSourcesBuildPhase section */
		3DBA725D1F2A8F1700A11B36 /* Sources */ = {
			isa = PBXSourcesBuildPhase;
			buildActionMask = 2147483647;
			files = (
				3DBA72671F2A8F1700A11B36 /* ViewController.swift in Sources */,
				3DBA72651F2A8F1700A11B36 /* AppDelegate.swift in Sources */,
			);
			runOnlyForDeploymentPostprocessing = 0;
		};
/* End PBXSourcesBuildPhase section */

/* Begin PBXVariantGroup section */
		3DBA72681F2A8F1700A11B36 /* Main.storyboard */ = {
			isa = PBXVariantGroup;
			children = (
				3DBA72691F2A8F1700A11B36 /* Base */,
			);
			name = Main.storyboard;
			sourceTree = "<group>";
		};
		3DBA726D1F2A8F1700A11B36 /* LaunchScreen.storyboard */ = {
			isa = PBXVariantGroup;
			children = (
				3DBA726E1F2A8F1700A11B36 /* Base */,
			);
			name = LaunchScreen.storyboard;
			sourceTree = "<group>";
		};
/* End PBXVariantGroup section */

/* Begin XCBuildConfiguration section */
		3DBA72711F2A8F1700A11B36 /* Debug */ = {
			isa = XCBuildConfiguration;
			buildSettings = {
				ALWAYS_SEARCH_USER_PATHS = NO;
				CLANG_ANALYZER_NONNULL = YES;
				CLANG_ANALYZER_NUMBER_OBJECT_CONVERSION = YES_AGGRESSIVE;
				CLANG_CXX_LANGUAGE_STANDARD = "gnu++14";
				CLANG_CXX_LIBRARY = "libc++";
				CLANG_ENABLE_MODULES = YES;
				CLANG_ENABLE_OBJC_ARC = YES;
				CLANG_WARN_BLOCK_CAPTURE_AUTORELEASING = YES;
				CLANG_WARN_BOOL_CONVERSION = YES;
				CLANG_WARN_COMMA = YES;
				CLANG_WARN_CONSTANT_CONVERSION = YES;
				CLANG_WARN_DIRECT_OBJC_ISA_USAGE = YES_ERROR;
				CLANG_WARN_DOCUMENTATION_COMMENTS = YES;
				CLANG_WARN_EMPTY_BODY = YES;
				CLANG_WARN_ENUM_CONVERSION = YES;
				CLANG_WARN_INFINITE_RECURSION = YES;
				CLANG_WARN_INT_CONVERSION = YES;
				CLANG_WARN_NON_LITERAL_NULL_CONVERSION = YES;
				CLANG_WARN_OBJC_LITERAL_CONVERSION = YES;
				CLANG_WARN_OBJC_ROOT_CLASS = YES_ERROR;
				CLANG_WARN_RANGE_LOOP_ANALYSIS = YES;
				CLANG_WARN_STRICT_PROTOTYPES = YES;
				CLANG_WARN_SUSPICIOUS_MOVE = YES;
				CLANG_WARN_UNGUARDED_AVAILABILITY = YES_AGGRESSIVE;
				CLANG_WARN_UNREACHABLE_CODE = YES;
				CLANG_WARN__DUPLICATE_METHOD_MATCH = YES;
				CODE_SIGN_IDENTITY = "iPhone Developer";
				COPY_PHASE_STRIP = NO;
				DEBUG_INFORMATION_FORMAT = dwarf;
				ENABLE_STRICT_OBJC_MSGSEND = YES;
				ENABLE_TESTABILITY = YES;
				GCC_C_LANGUAGE_STANDARD = gnu11;
				GCC_DYNAMIC_NO_PIC = NO;
				GCC_NO_COMMON_BLOCKS = YES;
				GCC_OPTIMIZATION_LEVEL = 0;
				GCC_PREPROCESSOR_DEFINITIONS = (
					"DEBUG=1",
					"$(inherited)",
				);
				GCC_WARN_64_TO_32_BIT_CONVERSION = YES;
				GCC_WARN_ABOUT_RETURN_TYPE = YES_ERROR;
				GCC_WARN_UNDECLARED_SELECTOR = YES;
				GCC_WARN_UNINITIALIZED_AUTOS = YES_AGGRESSIVE;
				GCC_WARN_UNUSED_FUNCTION = YES;
				GCC_WARN_UNUSED_VARIABLE = YES;
				IPHONEOS_DEPLOYMENT_TARGET = 11.0;
				MTL_ENABLE_DEBUG_INFO = YES;
				ONLY_ACTIVE_ARCH = YES;
				SDKROOT = iphoneos;
				SWIFT_ACTIVE_COMPILATION_CONDITIONS = DEBUG;
				SWIFT_OPTIMIZATION_LEVEL = "-Onone";
			};
			name = Debug;
		};
		3DBA72721F2A8F1700A11B36 /* Release */ = {
			isa = XCBuildConfiguration;
			buildSettings = {
				ALWAYS_SEARCH_USER_PATHS = NO;
				CLANG_ANALYZER_NONNULL = YES;
				CLANG_ANALYZER_NUMBER_OBJECT_CONVERSION = YES_AGGRESSIVE;
				CLANG_CXX_LANGUAGE_STANDARD = "gnu++14";
				CLANG_CXX_LIBRARY = "libc++";
				CLANG_ENABLE_MODULES = YES;
				CLANG_ENABLE_OBJC_ARC = YES;
				CLANG_WARN_BLOCK_CAPTURE_AUTORELEASING = YES;
				CLANG_WARN_BOOL_CONVERSION = YES;
				CLANG_WARN_COMMA = YES;
				CLANG_WARN_CONSTANT_CONVERSION = YES;
				CLANG_WARN_DIRECT_OBJC_ISA_USAGE = YES_ERROR;
				CLANG_WARN_DOCUMENTATION_COMMENTS = YES;
				CLANG_WARN_EMPTY_BODY = YES;
				CLANG_WARN_ENUM_CONVERSION = YES;
				CLANG_WARN_INFINITE_RECURSION = YES;
				CLANG_WARN_INT_CONVERSION = YES;
				CLANG_WARN_NON_LITERAL_NULL_CONVERSION = YES;
				CLANG_WARN_OBJC_LITERAL_CONVERSION = YES;
				CLANG_WARN_OBJC_ROOT_CLASS = YES_ERROR;
				CLANG_WARN_RANGE_LOOP_ANALYSIS = YES;
				CLANG_WARN_STRICT_PROTOTYPES = YES;
				CLANG_WARN_SUSPICIOUS_MOVE = YES;
				CLANG_WARN_UNGUARDED_AVAILABILITY = YES_AGGRESSIVE;
				CLANG_WARN_UNREACHABLE_CODE = YES;
				CLANG_WARN__DUPLICATE_METHOD_MATCH = YES;
				CODE_SIGN_IDENTITY = "iPhone Developer";
				COPY_PHASE_STRIP = NO;
				DEBUG_INFORMATION_FORMAT = "dwarf-with-dsym";
				ENABLE_NS_ASSERTIONS = NO;
				ENABLE_STRICT_OBJC_MSGSEND = YES;
				GCC_C_LANGUAGE_STANDARD = gnu11;
				GCC_NO_COMMON_BLOCKS = YES;
				GCC_WARN_64_TO_32_BIT_CONVERSION = YES;
				GCC_WARN_ABOUT_RETURN_TYPE = YES_ERROR;
				GCC_WARN_UNDECLARED_SELECTOR = YES;
				GCC_WARN_UNINITIALIZED_AUTOS = YES_AGGRESSIVE;
				GCC_WARN_UNUSED_FUNCTION = YES;
				GCC_WARN_UNUSED_VARIABLE = YES;
				IPHONEOS_DEPLOYMENT_TARGET = 11.0;
				MTL_ENABLE_DEBUG_INFO = NO;
				SDKROOT = iphoneos;
				SWIFT_OPTIMIZATION_LEVEL = "-Owholemodule";
				VALIDATE_PRODUCT = YES;
			};
			name = Release;
		};
		3DBA72741F2A8F1700A11B36 /* Debug */ = {
			isa = XCBuildConfiguration;
			baseConfigurationReference = 77F0183363D066BE29138B20 /* Pods-RandomUser.debug.xcconfig */;
			buildSettings = {
				ASSETCATALOG_COMPILER_APPICON_NAME = AppIcon;
				INFOPLIST_FILE = RandomUser/Info.plist;
				LD_RUNPATH_SEARCH_PATHS = "$(inherited) @executable_path/Frameworks";
				PRODUCT_BUNDLE_IDENTIFIER = com.igneus.RandomUser;
				PRODUCT_NAME = "$(TARGET_NAME)";
				SWIFT_VERSION = 4.0;
				TARGETED_DEVICE_FAMILY = "1,2";
			};
			name = Debug;
		};
		3DBA72751F2A8F1700A11B36 /* Release */ = {
			isa = XCBuildConfiguration;
			baseConfigurationReference = 3791D91415F6246E2444B2A6 /* Pods-RandomUser.release.xcconfig */;
			buildSettings = {
				ASSETCATALOG_COMPILER_APPICON_NAME = AppIcon;
				INFOPLIST_FILE = RandomUser/Info.plist;
				LD_RUNPATH_SEARCH_PATHS = "$(inherited) @executable_path/Frameworks";
				PRODUCT_BUNDLE_IDENTIFIER = com.igneus.RandomUser;
				PRODUCT_NAME = "$(TARGET_NAME)";
				SWIFT_VERSION = 4.0;
				TARGETED_DEVICE_FAMILY = "1,2";
			};
			name = Release;
		};
/* End XCBuildConfiguration section */

/* Begin XCConfigurationList section */
		3DBA725C1F2A8F1700A11B36 /* Build configuration list for PBXProject "RandomUser" */ = {
			isa = XCConfigurationList;
			buildConfigurations = (
				3DBA72711F2A8F1700A11B36 /* Debug */,
				3DBA72721F2A8F1700A11B36 /* Release */,
			);
			defaultConfigurationIsVisible = 0;
			defaultConfigurationName = Release;
		};
		3DBA72731F2A8F1700A11B36 /* Build configuration list for PBXNativeTarget "RandomUser" */ = {
			isa = XCConfigurationList;
			buildConfigurations = (
				3DBA72741F2A8F1700A11B36 /* Debug */,
				3DBA72751F2A8F1700A11B36 /* Release */,
			);
			defaultConfigurationIsVisible = 0;
			defaultConfigurationName = Release;
		};
/* End XCConfigurationList section */
	};
	rootObject = 3DBA72591F2A8F1700A11B36 /* Project object */;
}
