// !$*UTF8*$!
{
	archiveVersion = 1;
	classes = {
	};
	objectVersion = 48;
	objects = {

/* Begin PBXBuildFile section */
		3D21B7CD1F1370A900BFE84A /* AppDelegate.swift in Sources */ = {isa = PBXBuildFile; fileRef = 3D21B7CC1F1370A900BFE84A /* AppDelegate.swift */; };
		3D21B7CF1F1370A900BFE84A /* ViewController.swift in Sources */ = {isa = PBXBuildFile; fileRef = 3D21B7CE1F1370A900BFE84A /* ViewController.swift */; };
		3D21B7D21F1370A900BFE84A /* Main.storyboard in Resources */ = {isa = PBXBuildFile; fileRef = 3D21B7D01F1370A900BFE84A /* Main.storyboard */; };
		3D21B7D41F1370A900BFE84A /* Assets.xcassets in Resources */ = {isa = PBXBuildFile; fileRef = 3D21B7D31F1370A900BFE84A /* Assets.xcassets */; };
		3D21B7D71F1370A900BFE84A /* LaunchScreen.storyboard in Resources */ = {isa = PBXBuildFile; fileRef = 3D21B7D51F1370A900BFE84A /* LaunchScreen.storyboard */; };
		3D9523E91F13750500618E3E /* round.swift in Sources */ = {isa = PBXBuildFile; fileRef = 3D9523E81F13750500618E3E /* round.swift */; };
/* End PBXBuildFile section */

/* Begin PBXFileReference section */
		3D21B7C91F1370A900BFE84A /* buttonCircles.app */ = {isa = PBXFileReference; explicitFileType = wrapper.application; includeInIndex = 0; path = buttonCircles.app; sourceTree = BUILT_PRODUCTS_DIR; };
		3D21B7CC1F1370A900BFE84A /* AppDelegate.swift */ = {isa = PBXFileReference; lastKnownFileType = sourcecode.swift; path = AppDelegate.swift; sourceTree = "<group>"; };
		3D21B7CE1F1370A900BFE84A /* ViewController.swift */ = {isa = PBXFileReference; lastKnownFileType = sourcecode.swift; path = ViewController.swift; sourceTree = "<group>"; };
		3D21B7D11F1370A900BFE84A /* Base */ = {isa = PBXFileReference; lastKnownFileType = file.storyboard; name = Base; path = Base.lproj/Main.storyboard; sourceTree = "<group>"; };
		3D21B7D31F1370A900BFE84A /* Assets.xcassets */ = {isa = PBXFileReference; lastKnownFileType = folder.assetcatalog; path = Assets.xcassets; sourceTree = "<group>"; };
		3D21B7D61F1370A900BFE84A /* Base */ = {isa = PBXFileReference; lastKnownFileType = file.storyboard; name = Base; path = Base.lproj/LaunchScreen.storyboard; sourceTree = "<group>"; };
		3D21B7D81F1370A900BFE84A /* Info.plist */ = {isa = PBXFileReference; lastKnownFileType = text.plist.xml; path = Info.plist; sourceTree = "<group>"; };
		3D9523E81F13750500618E3E /* round.swift */ = {isa = PBXFileReference; lastKnownFileType = sourcecode.swift; path = round.swift; sourceTree = "<group>"; };
/* End PBXFileReference section */

/* Begin PBXFrameworksBuildPhase section */
		3D21B7C61F1370A900BFE84A /* Frameworks */ = {
			isa = PBXFrameworksBuildPhase;
			buildActionMask = 2147483647;
			files = (
			);
			runOnlyForDeploymentPostprocessing = 0;
		};
/* End PBXFrameworksBuildPhase section */

/* Begin PBXGroup section */
		3D21B7C01F1370A900BFE84A = {
			isa = PBXGroup;
			children = (
				3D21B7CB1F1370A900BFE84A /* buttonCircles */,
				3D21B7CA1F1370A900BFE84A /* Products */,
			);
			sourceTree = "<group>";
		};
		3D21B7CA1F1370A900BFE84A /* Products */ = {
			isa = PBXGroup;
			children = (
				3D21B7C91F1370A900BFE84A /* buttonCircles.app */,
			);
			name = Products;
			sourceTree = "<group>";
		};
		3D21B7CB1F1370A900BFE84A /* buttonCircles */ = {
			isa = PBXGroup;
			children = (
				3D21B7CC1F1370A900BFE84A /* AppDelegate.swift */,
				3D21B7CE1F1370A900BFE84A /* ViewController.swift */,
				3D21B7D01F1370A900BFE84A /* Main.storyboard */,
				3D21B7D31F1370A900BFE84A /* Assets.xcassets */,
				3D21B7D51F1370A900BFE84A /* LaunchScreen.storyboard */,
				3D21B7D81F1370A900BFE84A /* Info.plist */,
				3D9523E81F13750500618E3E /* round.swift */,
			);
			path = buttonCircles;
			sourceTree = "<group>";
		};
/* End PBXGroup section */

/* Begin PBXNativeTarget section */
		3D21B7C81F1370A900BFE84A /* buttonCircles */ = {
			isa = PBXNativeTarget;
			buildConfigurationList = 3D21B7DB1F1370A900BFE84A /* Build configuration list for PBXNativeTarget "buttonCircles" */;
			buildPhases = (
				3D21B7C51F1370A900BFE84A /* Sources */,
				3D21B7C61F1370A900BFE84A /* Frameworks */,
				3D21B7C71F1370A900BFE84A /* Resources */,
			);
			buildRules = (
			);
			dependencies = (
			);
			name = buttonCircles;
			productName = buttonCircles;
			productReference = 3D21B7C91F1370A900BFE84A /* buttonCircles.app */;
			productType = "com.apple.product-type.application";
		};
/* End PBXNativeTarget section */

/* Begin PBXProject section */
		3D21B7C11F1370A900BFE84A /* Project object */ = {
			isa = PBXProject;
			attributes = {
				LastSwiftUpdateCheck = 0900;
				LastUpgradeCheck = 0900;
				ORGANIZATIONNAME = studio;
				TargetAttributes = {
					3D21B7C81F1370A900BFE84A = {
						CreatedOnToolsVersion = 9.0;
					};
				};
			};
			buildConfigurationList = 3D21B7C41F1370A900BFE84A /* Build configuration list for PBXProject "buttonCircles" */;
			compatibilityVersion = "Xcode 8.0";
			developmentRegion = en;
			hasScannedForEncodings = 0;
			knownRegions = (
				en,
				Base,
			);
			mainGroup = 3D21B7C01F1370A900BFE84A;
			productRefGroup = 3D21B7CA1F1370A900BFE84A /* Products */;
			projectDirPath = "";
			projectRoot = "";
			targets = (
				3D21B7C81F1370A900BFE84A /* buttonCircles */,
			);
		};
/* End PBXProject section */

/* Begin PBXResourcesBuildPhase section */
		3D21B7C71F1370A900BFE84A /* Resources */ = {
			isa = PBXResourcesBuildPhase;
			buildActionMask = 2147483647;
			files = (
				3D21B7D71F1370A900BFE84A /* LaunchScreen.storyboard in Resources */,
				3D21B7D41F1370A900BFE84A /* Assets.xcassets in Resources */,
				3D21B7D21F1370A900BFE84A /* Main.storyboard in Resources */,
			);
			runOnlyForDeploymentPostprocessing = 0;
		};
/* End PBXResourcesBuildPhase section */

/* Begin PBXSourcesBuildPhase section */
		3D21B7C51F1370A900BFE84A /* Sources */ = {
			isa = PBXSourcesBuildPhase;
			buildActionMask = 2147483647;
			files = (
				3D21B7CF1F1370A900BFE84A /* ViewController.swift in Sources */,
				3D9523E91F13750500618E3E /* round.swift in Sources */,
				3D21B7CD1F1370A900BFE84A /* AppDelegate.swift in Sources */,
			);
			runOnlyForDeploymentPostprocessing = 0;
		};
/* End PBXSourcesBuildPhase section */

/* Begin PBXVariantGroup section */
		3D21B7D01F1370A900BFE84A /* Main.storyboard */ = {
			isa = PBXVariantGroup;
			children = (
				3D21B7D11F1370A900BFE84A /* Base */,
			);
			name = Main.storyboard;
			sourceTree = "<group>";
		};
		3D21B7D51F1370A900BFE84A /* LaunchScreen.storyboard */ = {
			isa = PBXVariantGroup;
			children = (
				3D21B7D61F1370A900BFE84A /* Base */,
			);
			name = LaunchScreen.storyboard;
			sourceTree = "<group>";
		};
/* End PBXVariantGroup section */

/* Begin XCBuildConfiguration section */
		3D21B7D91F1370A900BFE84A /* Debug */ = {
			isa = XCBuildConfiguration;
			buildSettings = {
				ALWAYS_SEARCH_USER_PATHS = NO;
				CLANG_ANALYZER_NONNULL = YES;
				CLANG_ANALYZER_NUMBER_OBJECT_CONVERSION = YES_AGGRESSIVE;
				CLANG_CXX_LANGUAGE_STANDARD = "gnu++14";
				CLANG_CXX_LIBRARY = "libc++";
				CLANG_ENABLE_MODULES = YES;
				CLANG_ENABLE_OBJC_ARC = YES;
				CLANG_WARN_BLOCK_CAPTURE_AUTORELEASING = YES;
				CLANG_WARN_BOOL_CONVERSION = YES;
				CLANG_WARN_COMMA = YES;
				CLANG_WARN_CONSTANT_CONVERSION = YES;
				CLANG_WARN_DIRECT_OBJC_ISA_USAGE = YES_ERROR;
				CLANG_WARN_DOCUMENTATION_COMMENTS = YES;
				CLANG_WARN_EMPTY_BODY = YES;
				CLANG_WARN_ENUM_CONVERSION = YES;
				CLANG_WARN_INFINITE_RECURSION = YES;
				CLANG_WARN_INT_CONVERSION = YES;
				CLANG_WARN_OBJC_ROOT_CLASS = YES_ERROR;
				CLANG_WARN_RANGE_LOOP_ANALYSIS = YES;
				CLANG_WARN_STRICT_PROTOTYPES = YES;
				CLANG_WARN_SUSPICIOUS_MOVE = YES;
				CLANG_WARN_UNGUARDED_AVAILABILITY = YES_AGGRESSIVE;
				CLANG_WARN_UNREACHABLE_CODE = YES;
				CLANG_WARN__DUPLICATE_METHOD_MATCH = YES;
				CODE_SIGN_IDENTITY = "iPhone Developer";
				COPY_PHASE_STRIP = NO;
				DEBUG_INFORMATION_FORMAT = dwarf;
				ENABLE_STRICT_OBJC_MSGSEND = YES;
				ENABLE_TESTABILITY = YES;
				GCC_C_LANGUAGE_STANDARD = gnu11;
				GCC_DYNAMIC_NO_PIC = NO;
				GCC_NO_COMMON_BLOCKS = YES;
				GCC_OPTIMIZATION_LEVEL = 0;
				GCC_PREPROCESSOR_DEFINITIONS = (
					"DEBUG=1",
					"$(inherited)",
				);
				GCC_WARN_64_TO_32_BIT_CONVERSION = YES;
				GCC_WARN_ABOUT_RETURN_TYPE = YES_ERROR;
				GCC_WARN_UNDECLARED_SELECTOR = YES;
				GCC_WARN_UNINITIALIZED_AUTOS = YES_AGGRESSIVE;
				GCC_WARN_UNUSED_FUNCTION = YES;
				GCC_WARN_UNUSED_VARIABLE = YES;
				IPHONEOS_DEPLOYMENT_TARGET = 11.0;
				MTL_ENABLE_DEBUG_INFO = YES;
				ONLY_ACTIVE_ARCH = YES;
				SDKROOT = iphoneos;
				SWIFT_ACTIVE_COMPILATION_CONDITIONS = DEBUG;
				SWIFT_OPTIMIZATION_LEVEL = "-Onone";
			};
			name = Debug;
		};
		3D21B7DA1F1370A900BFE84A /* Release */ = {
			isa = XCBuildConfiguration;
			buildSettings = {
				ALWAYS_SEARCH_USER_PATHS = NO;
				CLANG_ANALYZER_NONNULL = YES;
				CLANG_ANALYZER_NUMBER_OBJECT_CONVERSION = YES_AGGRESSIVE;
				CLANG_CXX_LANGUAGE_STANDARD = "gnu++14";
				CLANG_CXX_LIBRARY = "libc++";
				CLANG_ENABLE_MODULES = YES;
				CLANG_ENABLE_OBJC_ARC = YES;
				CLANG_WARN_BLOCK_CAPTURE_AUTORELEASING = YES;
				CLANG_WARN_BOOL_CONVERSION = YES;
				CLANG_WARN_COMMA = YES;
				CLANG_WARN_CONSTANT_CONVERSION = YES;
				CLANG_WARN_DIRECT_OBJC_ISA_USAGE = YES_ERROR;
				CLANG_WARN_DOCUMENTATION_COMMENTS = YES;
				CLANG_WARN_EMPTY_BODY = YES;
				CLANG_WARN_ENUM_CONVERSION = YES;
				CLANG_WARN_INFINITE_RECURSION = YES;
				CLANG_WARN_INT_CONVERSION = YES;
				CLANG_WARN_OBJC_ROOT_CLASS = YES_ERROR;
				CLANG_WARN_RANGE_LOOP_ANALYSIS = YES;
				CLANG_WARN_STRICT_PROTOTYPES = YES;
				CLANG_WARN_SUSPICIOUS_MOVE = YES;
				CLANG_WARN_UNGUARDED_AVAILABILITY = YES_AGGRESSIVE;
				CLANG_WARN_UNREACHABLE_CODE = YES;
				CLANG_WARN__DUPLICATE_METHOD_MATCH = YES;
				CODE_SIGN_IDENTITY = "iPhone Developer";
				COPY_PHASE_STRIP = NO;
				DEBUG_INFORMATION_FORMAT = "dwarf-with-dsym";
				ENABLE_NS_ASSERTIONS = NO;
				ENABLE_STRICT_OBJC_MSGSEND = YES;
				GCC_C_LANGUAGE_STANDARD = gnu11;
				GCC_NO_COMMON_BLOCKS = YES;
				GCC_WARN_64_TO_32_BIT_CONVERSION = YES;
				GCC_WARN_ABOUT_RETURN_TYPE = YES_ERROR;
				GCC_WARN_UNDECLARED_SELECTOR = YES;
				GCC_WARN_UNINITIALIZED_AUTOS = YES_AGGRESSIVE;
				GCC_WARN_UNUSED_FUNCTION = YES;
				GCC_WARN_UNUSED_VARIABLE = YES;
				IPHONEOS_DEPLOYMENT_TARGET = 11.0;
				MTL_ENABLE_DEBUG_INFO = NO;
				SDKROOT = iphoneos;
				SWIFT_OPTIMIZATION_LEVEL = "-Owholemodule";
				VALIDATE_PRODUCT = YES;
			};
			name = Release;
		};
		3D21B7DC1F1370A900BFE84A /* Debug */ = {
			isa = XCBuildConfiguration;
			buildSettings = {
				ASSETCATALOG_COMPILER_APPICON_NAME = AppIcon;
				INFOPLIST_FILE = buttonCircles/Info.plist;
				LD_RUNPATH_SEARCH_PATHS = "$(inherited) @executable_path/Frameworks";
				PRODUCT_BUNDLE_IDENTIFIER = com.igneus.buttonCircles;
				PRODUCT_NAME = "$(TARGET_NAME)";
				SWIFT_VERSION = 4.0;
				TARGETED_DEVICE_FAMILY = "1,2";
			};
			name = Debug;
		};
		3D21B7DD1F1370A900BFE84A /* Release */ = {
			isa = XCBuildConfiguration;
			buildSettings = {
				ASSETCATALOG_COMPILER_APPICON_NAME = AppIcon;
				INFOPLIST_FILE = buttonCircles/Info.plist;
				LD_RUNPATH_SEARCH_PATHS = "$(inherited) @executable_path/Frameworks";
				PRODUCT_BUNDLE_IDENTIFIER = com.igneus.buttonCircles;
				PRODUCT_NAME = "$(TARGET_NAME)";
				SWIFT_VERSION = 4.0;
				TARGETED_DEVICE_FAMILY = "1,2";
			};
			name = Release;
		};
/* End XCBuildConfiguration section */

/* Begin XCConfigurationList section */
		3D21B7C41F1370A900BFE84A /* Build configuration list for PBXProject "buttonCircles" */ = {
			isa = XCConfigurationList;
			buildConfigurations = (
				3D21B7D91F1370A900BFE84A /* Debug */,
				3D21B7DA1F1370A900BFE84A /* Release */,
			);
			defaultConfigurationIsVisible = 0;
			defaultConfigurationName = Release;
		};
		3D21B7DB1F1370A900BFE84A /* Build configuration list for PBXNativeTarget "buttonCircles" */ = {
			isa = XCConfigurationList;
			buildConfigurations = (
				3D21B7DC1F1370A900BFE84A /* Debug */,
				3D21B7DD1F1370A900BFE84A /* Release */,
			);
			defaultConfigurationIsVisible = 0;
			defaultConfigurationName = Release;
		};
/* End XCConfigurationList section */
	};
	rootObject = 3D21B7C11F1370A900BFE84A /* Project object */;
}
